// !$*UTF8*$!
{
	archiveVersion = 1;
	classes = {
	};
	objectVersion = 46;
	objects = {

/* Begin PBXBuildFile section */
		3298875DD9B009795684CCC9 /* Pods_AstrayTests.framework in Frameworks */ = {isa = PBXBuildFile; fileRef = A270DC07E54A6D407493D5CE /* Pods_AstrayTests.framework */; };
		5237C27A0E6FEE4B768ADB24 /* Pods_Astray.framework in Frameworks */ = {isa = PBXBuildFile; fileRef = B6FD38F251876BDBBF61A1E7 /* Pods_Astray.framework */; };
		694464451C688CDE00B7A12F /* User.swift in Sources */ = {isa = PBXBuildFile; fileRef = 694464441C688CDE00B7A12F /* User.swift */; };
		6944644D1C688DA100B7A12F /* Story.swift in Sources */ = {isa = PBXBuildFile; fileRef = 6944644C1C688DA100B7A12F /* Story.swift */; };
		6995CDC61C6A8B2B0089117D /* global.swift in Sources */ = {isa = PBXBuildFile; fileRef = 6995CDC51C6A8B2B0089117D /* global.swift */; };
		6995CDC81C6A8B360089117D /* LoginViewController.swift in Sources */ = {isa = PBXBuildFile; fileRef = 6995CDC71C6A8B360089117D /* LoginViewController.swift */; };
		6995CDCA1C6A8B420089117D /* RecordingViewController.swift in Sources */ = {isa = PBXBuildFile; fileRef = 6995CDC91C6A8B420089117D /* RecordingViewController.swift */; };
		6995CDCC1C6A8B510089117D /* sample.mp3 in Resources */ = {isa = PBXBuildFile; fileRef = 6995CDCB1C6A8B510089117D /* sample.mp3 */; };
		6995CDCE1C6A8B540089117D /* samplevideo.mov in Resources */ = {isa = PBXBuildFile; fileRef = 6995CDCD1C6A8B540089117D /* samplevideo.mov */; };
		6995CDD01C6A8B6B0089117D /* UserController.swift in Sources */ = {isa = PBXBuildFile; fileRef = 6995CDCF1C6A8B6B0089117D /* UserController.swift */; };
		69B4E6F01C5056EF00FF1663 /* AppDelegate.swift in Sources */ = {isa = PBXBuildFile; fileRef = 69B4E6EF1C5056EF00FF1663 /* AppDelegate.swift */; };
		69B4E6F21C5056EF00FF1663 /* ViewController.swift in Sources */ = {isa = PBXBuildFile; fileRef = 69B4E6F11C5056EF00FF1663 /* ViewController.swift */; };
		69B4E6F51C5056EF00FF1663 /* Main.storyboard in Resources */ = {isa = PBXBuildFile; fileRef = 69B4E6F31C5056EF00FF1663 /* Main.storyboard */; };
		69B4E6F71C5056EF00FF1663 /* Assets.xcassets in Resources */ = {isa = PBXBuildFile; fileRef = 69B4E6F61C5056EF00FF1663 /* Assets.xcassets */; };
		69B4E6FA1C5056EF00FF1663 /* LaunchScreen.storyboard in Resources */ = {isa = PBXBuildFile; fileRef = 69B4E6F81C5056EF00FF1663 /* LaunchScreen.storyboard */; };
		69B4E7051C5056EF00FF1663 /* AstrayTests.swift in Sources */ = {isa = PBXBuildFile; fileRef = 69B4E7041C5056EF00FF1663 /* AstrayTests.swift */; };
		69B4E7101C5056EF00FF1663 /* AstrayUITests.swift in Sources */ = {isa = PBXBuildFile; fileRef = 69B4E70F1C5056EF00FF1663 /* AstrayUITests.swift */; };
		82E951C01C9BC6B5003B1FC1 /* CreateAudioController.swift in Sources */ = {isa = PBXBuildFile; fileRef = 82E951BF1C9BC6B4003B1FC1 /* CreateAudioController.swift */; };
		82E951C21C9BE2D4003B1FC1 /* CreateTextController.swift in Sources */ = {isa = PBXBuildFile; fileRef = 82E951C11C9BE2D4003B1FC1 /* CreateTextController.swift */; };
		82E951C41C9BF256003B1FC1 /* TextViewController.swift in Sources */ = {isa = PBXBuildFile; fileRef = 82E951C31C9BF256003B1FC1 /* TextViewController.swift */; };
		8F24C3D41C9C5A350001D02C /* profile-icon.tiff in Resources */ = {isa = PBXBuildFile; fileRef = 8F24C3D11C9C5A350001D02C /* profile-icon.tiff */; };
		8F24C3D51C9C5A350001D02C /* search-icon.tiff in Resources */ = {isa = PBXBuildFile; fileRef = 8F24C3D21C9C5A350001D02C /* search-icon.tiff */; };
		8F24C3D61C9C5A350001D02C /* create-icon.tiff in Resources */ = {isa = PBXBuildFile; fileRef = 8F24C3D31C9C5A350001D02C /* create-icon.tiff */; };
		8F24C3D81C9C7BEE0001D02C /* discover-card.tiff in Resources */ = {isa = PBXBuildFile; fileRef = 8F24C3D71C9C7BEE0001D02C /* discover-card.tiff */; };
		8F24C3DA1C9C87100001D02C /* go-to-profile.tiff in Resources */ = {isa = PBXBuildFile; fileRef = 8F24C3D91C9C87100001D02C /* go-to-profile.tiff */; };
		8F24C3DD1C9C89B60001D02C /* read-button.tiff in Resources */ = {isa = PBXBuildFile; fileRef = 8F24C3DB1C9C89B60001D02C /* read-button.tiff */; };
		8F24C3DE1C9C89B60001D02C /* listen-button.tiff in Resources */ = {isa = PBXBuildFile; fileRef = 8F24C3DC1C9C89B60001D02C /* listen-button.tiff */; };
		8F2791581C84F3FB0058D138 /* Montserrat-Regular.otf in Resources */ = {isa = PBXBuildFile; fileRef = 8F2791571C84F3FB0058D138 /* Montserrat-Regular.otf */; };
		8F27915C1C8507DF0058D138 /* CreateAccountViewController.swift in Sources */ = {isa = PBXBuildFile; fileRef = 8F27915B1C8507DF0058D138 /* CreateAccountViewController.swift */; };
		8F27916B1C851CE00058D138 /* finish-button.tiff in Resources */ = {isa = PBXBuildFile; fileRef = 8F2791641C851CE00058D138 /* finish-button.tiff */; };
		8F27916C1C851CE00058D138 /* back-chevron.tiff in Resources */ = {isa = PBXBuildFile; fileRef = 8F2791651C851CE00058D138 /* back-chevron.tiff */; };
		8F27916D1C851CE00058D138 /* create-acct-background.tiff in Resources */ = {isa = PBXBuildFile; fileRef = 8F2791661C851CE00058D138 /* create-acct-background.tiff */; };
		8F27916E1C851CE00058D138 /* create-acct-button.tiff in Resources */ = {isa = PBXBuildFile; fileRef = 8F2791671C851CE00058D138 /* create-acct-button.tiff */; };
		8F27916F1C851CE00058D138 /* login-button.tiff in Resources */ = {isa = PBXBuildFile; fileRef = 8F2791681C851CE00058D138 /* login-button.tiff */; };
		8F2791701C851CE00058D138 /* login-background.tiff in Resources */ = {isa = PBXBuildFile; fileRef = 8F2791691C851CE00058D138 /* login-background.tiff */; };
		8F2791731C851DE40058D138 /* cancel-button.tiff in Resources */ = {isa = PBXBuildFile; fileRef = 8F2791721C851DE40058D138 /* cancel-button.tiff */; };
		8F660BA51C9B83CC009C0E9F /* profile-background.tiff in Resources */ = {isa = PBXBuildFile; fileRef = 8F660BA41C9B83CC009C0E9F /* profile-background.tiff */; };
		8FE01ED91C8D6346009FF8C7 /* create-top-bar.tiff in Resources */ = {isa = PBXBuildFile; fileRef = 8FE01ED81C8D6346009FF8C7 /* create-top-bar.tiff */; };
		8FE01EDB1C8D69D1009FF8C7 /* create-map-bottom.tiff in Resources */ = {isa = PBXBuildFile; fileRef = 8FE01EDA1C8D69D1009FF8C7 /* create-map-bottom.tiff */; };
		8FE01EDD1C8D70C1009FF8C7 /* create-text-button.tiff in Resources */ = {isa = PBXBuildFile; fileRef = 8FE01EDC1C8D70C1009FF8C7 /* create-text-button.tiff */; };
		8FE01EE01C8D73CD009FF8C7 /* create-video-button.tiff in Resources */ = {isa = PBXBuildFile; fileRef = 8FE01EDE1C8D73CD009FF8C7 /* create-video-button.tiff */; };
		8FE01EE11C8D73CD009FF8C7 /* create-audio-button.tiff in Resources */ = {isa = PBXBuildFile; fileRef = 8FE01EDF1C8D73CD009FF8C7 /* create-audio-button.tiff */; };
		8FF177B11C600EA70035BB3D /* NarrativeViewController.swift in Sources */ = {isa = PBXBuildFile; fileRef = 8FF177B01C600EA70035BB3D /* NarrativeViewController.swift */; };
		8FF177B51C6012B60035BB3D /* sample.mp3 in Resources */ = {isa = PBXBuildFile; fileRef = 8FF177B41C6012B60035BB3D /* sample.mp3 */; };
		8FF63C241C9C2D27001F51CB /* narrative-text-background.tiff in Resources */ = {isa = PBXBuildFile; fileRef = 8FF63C231C9C2D27001F51CB /* narrative-text-background.tiff */; };
		8FF63C261C9C3319001F51CB /* Montserrat-Light.otf in Resources */ = {isa = PBXBuildFile; fileRef = 8FF63C251C9C3319001F51CB /* Montserrat-Light.otf */; };
		8FF63C281C9C3899001F51CB /* create-text-background.tiff in Resources */ = {isa = PBXBuildFile; fileRef = 8FF63C271C9C3899001F51CB /* create-text-background.tiff */; };
		8FF63C2A1C9C41B8001F51CB /* upload-button.tiff in Resources */ = {isa = PBXBuildFile; fileRef = 8FF63C291C9C41B8001F51CB /* upload-button.tiff */; };
		8FF63C2C1C9C46B5001F51CB /* create-audio-background.tiff in Resources */ = {isa = PBXBuildFile; fileRef = 8FF63C2B1C9C46B5001F51CB /* create-audio-background.tiff */; };
		8FF63C2F1C9C5444001F51CB /* stop-recording.tiff in Resources */ = {isa = PBXBuildFile; fileRef = 8FF63C2D1C9C5444001F51CB /* stop-recording.tiff */; };
		8FF63C301C9C5444001F51CB /* record-new-track.tiff in Resources */ = {isa = PBXBuildFile; fileRef = 8FF63C2E1C9C5444001F51CB /* record-new-track.tiff */; };
		8FF63C321C9C58E6001F51CB /* discover-top-bar.tiff in Resources */ = {isa = PBXBuildFile; fileRef = 8FF63C311C9C58E6001F51CB /* discover-top-bar.tiff */; };
		8FFDEE031C9BC2D200B2E84E /* edit-button.tiff in Resources */ = {isa = PBXBuildFile; fileRef = 8FFDEE021C9BC2D200B2E84E /* edit-button.tiff */; };
		8FFDEE071C9BC5E900B2E84E /* view-your-stories.tiff in Resources */ = {isa = PBXBuildFile; fileRef = 8FFDEE041C9BC5E900B2E84E /* view-your-stories.tiff */; };
		8FFDEE081C9BC5E900B2E84E /* view-followed-profiles.tiff in Resources */ = {isa = PBXBuildFile; fileRef = 8FFDEE051C9BC5E900B2E84E /* view-followed-profiles.tiff */; };
		8FFDEE091C9BC5E900B2E84E /* log-out-profile.tiff in Resources */ = {isa = PBXBuildFile; fileRef = 8FFDEE061C9BC5E900B2E84E /* log-out-profile.tiff */; };
		8FFDEE0B1C9BDD3600B2E84E /* narrative-audio-background.tiff in Resources */ = {isa = PBXBuildFile; fileRef = 8FFDEE0A1C9BDD3600B2E84E /* narrative-audio-background.tiff */; };
		8FFDEE0E1C9BE12400B2E84E /* play-button.tiff in Resources */ = {isa = PBXBuildFile; fileRef = 8FFDEE0C1C9BE12400B2E84E /* play-button.tiff */; };
		8FFDEE0F1C9BE12400B2E84E /* pause-button.tiff in Resources */ = {isa = PBXBuildFile; fileRef = 8FFDEE0D1C9BE12400B2E84E /* pause-button.tiff */; };
		C840D9141C9BA2B7005EC732 /* SeenStoriesMapController.swift in Sources */ = {isa = PBXBuildFile; fileRef = C840D9131C9BA2B7005EC732 /* SeenStoriesMapController.swift */; };
		C840D9161C9BAD5E005EC732 /* SlidingViewExtension.swift in Sources */ = {isa = PBXBuildFile; fileRef = C840D9151C9BAD5E005EC732 /* SlidingViewExtension.swift */; };
		C848768D1C7BEC8C008C401D /* Images.xcassets in Resources */ = {isa = PBXBuildFile; fileRef = C848768C1C7BEC8C008C401D /* Images.xcassets */; };
		C8A35F231C73CF5E006B9D4A /* CreateStoryController.swift in Sources */ = {isa = PBXBuildFile; fileRef = C8A35F221C73CF5E006B9D4A /* CreateStoryController.swift */; };
		C8AD727F1C6AB66F005C54DE /* lakelag.mp3 in Resources */ = {isa = PBXBuildFile; fileRef = C8AD727D1C6AB66F005C54DE /* lakelag.mp3 */; };
		C8AD72801C6AB66F005C54DE /* memchu.mp3 in Resources */ = {isa = PBXBuildFile; fileRef = C8AD727E1C6AB66F005C54DE /* memchu.mp3 */; };
		C8BCFC9F1C9B70460049F70C /* UserStoriesController.swift in Sources */ = {isa = PBXBuildFile; fileRef = C8BCFC9E1C9B70460049F70C /* UserStoriesController.swift */; };
		C8D97A1E1C8D40AF003142CE /* UserController.swift in Sources */ = {isa = PBXBuildFile; fileRef = 6995CDCF1C6A8B6B0089117D /* UserController.swift */; };
		C8D97A201C8D46A0003142CE /* FavoritesController.swift in Sources */ = {isa = PBXBuildFile; fileRef = C8D97A1F1C8D46A0003142CE /* FavoritesController.swift */; };
		C8D97A221C8D692E003142CE /* SearchController.swift in Sources */ = {isa = PBXBuildFile; fileRef = C8D97A211C8D692E003142CE /* SearchController.swift */; };
		D25A0340BAD78776591A0169 /* Pods_AstrayUITests.framework in Frameworks */ = {isa = PBXBuildFile; fileRef = 9CC8E458E796A6085933AF88 /* Pods_AstrayUITests.framework */; };
/* End PBXBuildFile section */

/* Begin PBXContainerItemProxy section */
		69B4E7011C5056EF00FF1663 /* PBXContainerItemProxy */ = {
			isa = PBXContainerItemProxy;
			containerPortal = 69B4E6E41C5056EF00FF1663 /* Project object */;
			proxyType = 1;
			remoteGlobalIDString = 69B4E6EB1C5056EF00FF1663;
			remoteInfo = Astray;
		};
		69B4E70C1C5056EF00FF1663 /* PBXContainerItemProxy */ = {
			isa = PBXContainerItemProxy;
			containerPortal = 69B4E6E41C5056EF00FF1663 /* Project object */;
			proxyType = 1;
			remoteGlobalIDString = 69B4E6EB1C5056EF00FF1663;
			remoteInfo = Astray;
		};
/* End PBXContainerItemProxy section */

/* Begin PBXFileReference section */
		0C26449DA6E10011EAB7342E /* Pods-Astray.release.xcconfig */ = {isa = PBXFileReference; includeInIndex = 1; lastKnownFileType = text.xcconfig; name = "Pods-Astray.release.xcconfig"; path = "Pods/Target Support Files/Pods-Astray/Pods-Astray.release.xcconfig"; sourceTree = "<group>"; };
		2E282CA6B6C638C54F460BC5 /* Pods-AstrayUITests.debug.xcconfig */ = {isa = PBXFileReference; includeInIndex = 1; lastKnownFileType = text.xcconfig; name = "Pods-AstrayUITests.debug.xcconfig"; path = "Pods/Target Support Files/Pods-AstrayUITests/Pods-AstrayUITests.debug.xcconfig"; sourceTree = "<group>"; };
		6528C3966EF87CEEBB6E8AFB /* Pods-AstrayTests.debug.xcconfig */ = {isa = PBXFileReference; includeInIndex = 1; lastKnownFileType = text.xcconfig; name = "Pods-AstrayTests.debug.xcconfig"; path = "Pods/Target Support Files/Pods-AstrayTests/Pods-AstrayTests.debug.xcconfig"; sourceTree = "<group>"; };
		694464441C688CDE00B7A12F /* User.swift */ = {isa = PBXFileReference; fileEncoding = 4; lastKnownFileType = sourcecode.swift; path = User.swift; sourceTree = "<group>"; };
		6944644C1C688DA100B7A12F /* Story.swift */ = {isa = PBXFileReference; fileEncoding = 4; lastKnownFileType = sourcecode.swift; path = Story.swift; sourceTree = "<group>"; };
		6995CDC51C6A8B2B0089117D /* global.swift */ = {isa = PBXFileReference; fileEncoding = 4; lastKnownFileType = sourcecode.swift; path = global.swift; sourceTree = "<group>"; };
		6995CDC71C6A8B360089117D /* LoginViewController.swift */ = {isa = PBXFileReference; fileEncoding = 4; lastKnownFileType = sourcecode.swift; lineEnding = 0; path = LoginViewController.swift; sourceTree = "<group>"; };
		6995CDC91C6A8B420089117D /* RecordingViewController.swift */ = {isa = PBXFileReference; fileEncoding = 4; lastKnownFileType = sourcecode.swift; path = RecordingViewController.swift; sourceTree = "<group>"; };
		6995CDCB1C6A8B510089117D /* sample.mp3 */ = {isa = PBXFileReference; lastKnownFileType = audio.mp3; path = sample.mp3; sourceTree = "<group>"; };
		6995CDCD1C6A8B540089117D /* samplevideo.mov */ = {isa = PBXFileReference; lastKnownFileType = video.quicktime; path = samplevideo.mov; sourceTree = "<group>"; };
		6995CDCF1C6A8B6B0089117D /* UserController.swift */ = {isa = PBXFileReference; fileEncoding = 4; lastKnownFileType = sourcecode.swift; path = UserController.swift; sourceTree = "<group>"; };
		69B4E6EC1C5056EF00FF1663 /* Astray.app */ = {isa = PBXFileReference; explicitFileType = wrapper.application; includeInIndex = 0; path = Astray.app; sourceTree = BUILT_PRODUCTS_DIR; };
		69B4E6EF1C5056EF00FF1663 /* AppDelegate.swift */ = {isa = PBXFileReference; lastKnownFileType = sourcecode.swift; path = AppDelegate.swift; sourceTree = "<group>"; };
		69B4E6F11C5056EF00FF1663 /* ViewController.swift */ = {isa = PBXFileReference; lastKnownFileType = sourcecode.swift; path = ViewController.swift; sourceTree = "<group>"; };
		69B4E6F41C5056EF00FF1663 /* Base */ = {isa = PBXFileReference; lastKnownFileType = file.storyboard; name = Base; path = Base.lproj/Main.storyboard; sourceTree = "<group>"; };
		69B4E6F61C5056EF00FF1663 /* Assets.xcassets */ = {isa = PBXFileReference; lastKnownFileType = folder.assetcatalog; path = Assets.xcassets; sourceTree = "<group>"; };
		69B4E6F91C5056EF00FF1663 /* Base */ = {isa = PBXFileReference; lastKnownFileType = file.storyboard; name = Base; path = Base.lproj/LaunchScreen.storyboard; sourceTree = "<group>"; };
		69B4E6FB1C5056EF00FF1663 /* Info.plist */ = {isa = PBXFileReference; lastKnownFileType = text.plist.xml; path = Info.plist; sourceTree = "<group>"; };
		69B4E7001C5056EF00FF1663 /* AstrayTests.xctest */ = {isa = PBXFileReference; explicitFileType = wrapper.cfbundle; includeInIndex = 0; path = AstrayTests.xctest; sourceTree = BUILT_PRODUCTS_DIR; };
		69B4E7041C5056EF00FF1663 /* AstrayTests.swift */ = {isa = PBXFileReference; lastKnownFileType = sourcecode.swift; path = AstrayTests.swift; sourceTree = "<group>"; };
		69B4E7061C5056EF00FF1663 /* Info.plist */ = {isa = PBXFileReference; lastKnownFileType = text.plist.xml; path = Info.plist; sourceTree = "<group>"; };
		69B4E70B1C5056EF00FF1663 /* AstrayUITests.xctest */ = {isa = PBXFileReference; explicitFileType = wrapper.cfbundle; includeInIndex = 0; path = AstrayUITests.xctest; sourceTree = BUILT_PRODUCTS_DIR; };
		69B4E70F1C5056EF00FF1663 /* AstrayUITests.swift */ = {isa = PBXFileReference; lastKnownFileType = sourcecode.swift; path = AstrayUITests.swift; sourceTree = "<group>"; };
		69B4E7111C5056EF00FF1663 /* Info.plist */ = {isa = PBXFileReference; lastKnownFileType = text.plist.xml; path = Info.plist; sourceTree = "<group>"; };
		6E4E458BC9672AEEE42EC048 /* Pods-AstrayUITests.release.xcconfig */ = {isa = PBXFileReference; includeInIndex = 1; lastKnownFileType = text.xcconfig; name = "Pods-AstrayUITests.release.xcconfig"; path = "Pods/Target Support Files/Pods-AstrayUITests/Pods-AstrayUITests.release.xcconfig"; sourceTree = "<group>"; };
		82E951BF1C9BC6B4003B1FC1 /* CreateAudioController.swift */ = {isa = PBXFileReference; fileEncoding = 4; lastKnownFileType = sourcecode.swift; path = CreateAudioController.swift; sourceTree = "<group>"; };
		82E951C11C9BE2D4003B1FC1 /* CreateTextController.swift */ = {isa = PBXFileReference; fileEncoding = 4; lastKnownFileType = sourcecode.swift; path = CreateTextController.swift; sourceTree = "<group>"; };
		82E951C31C9BF256003B1FC1 /* TextViewController.swift */ = {isa = PBXFileReference; fileEncoding = 4; lastKnownFileType = sourcecode.swift; path = TextViewController.swift; sourceTree = "<group>"; };
		8F24C3D11C9C5A350001D02C /* profile-icon.tiff */ = {isa = PBXFileReference; lastKnownFileType = image.tiff; name = "profile-icon.tiff"; path = "UI assets/profile-icon.tiff"; sourceTree = "<group>"; };
		8F24C3D21C9C5A350001D02C /* search-icon.tiff */ = {isa = PBXFileReference; lastKnownFileType = image.tiff; name = "search-icon.tiff"; path = "UI assets/search-icon.tiff"; sourceTree = "<group>"; };
		8F24C3D31C9C5A350001D02C /* create-icon.tiff */ = {isa = PBXFileReference; lastKnownFileType = image.tiff; name = "create-icon.tiff"; path = "UI assets/create-icon.tiff"; sourceTree = "<group>"; };
		8F24C3D71C9C7BEE0001D02C /* discover-card.tiff */ = {isa = PBXFileReference; lastKnownFileType = image.tiff; name = "discover-card.tiff"; path = "UI assets/discover-card.tiff"; sourceTree = "<group>"; };
		8F24C3D91C9C87100001D02C /* go-to-profile.tiff */ = {isa = PBXFileReference; lastKnownFileType = image.tiff; name = "go-to-profile.tiff"; path = "UI assets/go-to-profile.tiff"; sourceTree = "<group>"; };
		8F24C3DB1C9C89B60001D02C /* read-button.tiff */ = {isa = PBXFileReference; lastKnownFileType = image.tiff; name = "read-button.tiff"; path = "UI assets/read-button.tiff"; sourceTree = "<group>"; };
		8F24C3DC1C9C89B60001D02C /* listen-button.tiff */ = {isa = PBXFileReference; lastKnownFileType = image.tiff; name = "listen-button.tiff"; path = "UI assets/listen-button.tiff"; sourceTree = "<group>"; };
		8F2791571C84F3FB0058D138 /* Montserrat-Regular.otf */ = {isa = PBXFileReference; lastKnownFileType = file; name = "Montserrat-Regular.otf"; path = "montserrat/Montserrat-Regular.otf"; sourceTree = "<group>"; };
		8F27915B1C8507DF0058D138 /* CreateAccountViewController.swift */ = {isa = PBXFileReference; fileEncoding = 4; lastKnownFileType = sourcecode.swift; path = CreateAccountViewController.swift; sourceTree = "<group>"; };
		8F2791641C851CE00058D138 /* finish-button.tiff */ = {isa = PBXFileReference; lastKnownFileType = image.tiff; name = "finish-button.tiff"; path = "UI assets/finish-button.tiff"; sourceTree = "<group>"; };
		8F2791651C851CE00058D138 /* back-chevron.tiff */ = {isa = PBXFileReference; lastKnownFileType = image.tiff; name = "back-chevron.tiff"; path = "UI assets/back-chevron.tiff"; sourceTree = "<group>"; };
		8F2791661C851CE00058D138 /* create-acct-background.tiff */ = {isa = PBXFileReference; lastKnownFileType = image.tiff; name = "create-acct-background.tiff"; path = "UI assets/create-acct-background.tiff"; sourceTree = "<group>"; };
		8F2791671C851CE00058D138 /* create-acct-button.tiff */ = {isa = PBXFileReference; lastKnownFileType = image.tiff; name = "create-acct-button.tiff"; path = "UI assets/create-acct-button.tiff"; sourceTree = "<group>"; };
		8F2791681C851CE00058D138 /* login-button.tiff */ = {isa = PBXFileReference; lastKnownFileType = image.tiff; name = "login-button.tiff"; path = "UI assets/login-button.tiff"; sourceTree = "<group>"; };
		8F2791691C851CE00058D138 /* login-background.tiff */ = {isa = PBXFileReference; lastKnownFileType = image.tiff; name = "login-background.tiff"; path = "UI assets/login-background.tiff"; sourceTree = "<group>"; };
		8F2791721C851DE40058D138 /* cancel-button.tiff */ = {isa = PBXFileReference; lastKnownFileType = image.tiff; name = "cancel-button.tiff"; path = "UI assets/cancel-button.tiff"; sourceTree = "<group>"; };
		8F660BA41C9B83CC009C0E9F /* profile-background.tiff */ = {isa = PBXFileReference; lastKnownFileType = image.tiff; name = "profile-background.tiff"; path = "UI assets/profile-background.tiff"; sourceTree = "<group>"; };
		8FE01ED81C8D6346009FF8C7 /* create-top-bar.tiff */ = {isa = PBXFileReference; lastKnownFileType = image.tiff; name = "create-top-bar.tiff"; path = "UI assets/create-top-bar.tiff"; sourceTree = "<group>"; };
		8FE01EDA1C8D69D1009FF8C7 /* create-map-bottom.tiff */ = {isa = PBXFileReference; lastKnownFileType = image.tiff; name = "create-map-bottom.tiff"; path = "UI assets/create-map-bottom.tiff"; sourceTree = "<group>"; };
		8FE01EDC1C8D70C1009FF8C7 /* create-text-button.tiff */ = {isa = PBXFileReference; lastKnownFileType = image.tiff; name = "create-text-button.tiff"; path = "UI assets/create-text-button.tiff"; sourceTree = "<group>"; };
		8FE01EDE1C8D73CD009FF8C7 /* create-video-button.tiff */ = {isa = PBXFileReference; lastKnownFileType = image.tiff; name = "create-video-button.tiff"; path = "UI assets/create-video-button.tiff"; sourceTree = "<group>"; };
		8FE01EDF1C8D73CD009FF8C7 /* create-audio-button.tiff */ = {isa = PBXFileReference; lastKnownFileType = image.tiff; name = "create-audio-button.tiff"; path = "UI assets/create-audio-button.tiff"; sourceTree = "<group>"; };
		8FF177B01C600EA70035BB3D /* NarrativeViewController.swift */ = {isa = PBXFileReference; fileEncoding = 4; lastKnownFileType = sourcecode.swift; path = NarrativeViewController.swift; sourceTree = "<group>"; };
		8FF177B21C60101D0035BB3D /* sax.mp3 */ = {isa = PBXFileReference; lastKnownFileType = audio.mp3; name = sax.mp3; path = "../../../../../../Qt/Examples/Qt-5.3/svg/embedded/desktopservices/data/sax.mp3"; sourceTree = "<group>"; };
		8FF177B41C6012B60035BB3D /* sample.mp3 */ = {isa = PBXFileReference; lastKnownFileType = audio.mp3; name = sample.mp3; path = Astray/sample.mp3; sourceTree = "<group>"; };
		8FF63C231C9C2D27001F51CB /* narrative-text-background.tiff */ = {isa = PBXFileReference; lastKnownFileType = image.tiff; name = "narrative-text-background.tiff"; path = "UI assets/narrative-text-background.tiff"; sourceTree = "<group>"; };
		8FF63C251C9C3319001F51CB /* Montserrat-Light.otf */ = {isa = PBXFileReference; lastKnownFileType = file; name = "Montserrat-Light.otf"; path = "montserrat/Montserrat-Light.otf"; sourceTree = "<group>"; };
		8FF63C271C9C3899001F51CB /* create-text-background.tiff */ = {isa = PBXFileReference; lastKnownFileType = image.tiff; name = "create-text-background.tiff"; path = "UI assets/create-text-background.tiff"; sourceTree = "<group>"; };
		8FF63C291C9C41B8001F51CB /* upload-button.tiff */ = {isa = PBXFileReference; lastKnownFileType = image.tiff; name = "upload-button.tiff"; path = "UI assets/upload-button.tiff"; sourceTree = "<group>"; };
		8FF63C2B1C9C46B5001F51CB /* create-audio-background.tiff */ = {isa = PBXFileReference; lastKnownFileType = image.tiff; name = "create-audio-background.tiff"; path = "UI assets/create-audio-background.tiff"; sourceTree = "<group>"; };
		8FF63C2D1C9C5444001F51CB /* stop-recording.tiff */ = {isa = PBXFileReference; lastKnownFileType = image.tiff; name = "stop-recording.tiff"; path = "UI assets/stop-recording.tiff"; sourceTree = "<group>"; };
		8FF63C2E1C9C5444001F51CB /* record-new-track.tiff */ = {isa = PBXFileReference; lastKnownFileType = image.tiff; name = "record-new-track.tiff"; path = "UI assets/record-new-track.tiff"; sourceTree = "<group>"; };
		8FF63C311C9C58E6001F51CB /* discover-top-bar.tiff */ = {isa = PBXFileReference; lastKnownFileType = image.tiff; name = "discover-top-bar.tiff"; path = "UI assets/discover-top-bar.tiff"; sourceTree = "<group>"; };
		8FFDEE021C9BC2D200B2E84E /* edit-button.tiff */ = {isa = PBXFileReference; lastKnownFileType = image.tiff; name = "edit-button.tiff"; path = "UI assets/edit-button.tiff"; sourceTree = "<group>"; };
		8FFDEE041C9BC5E900B2E84E /* view-your-stories.tiff */ = {isa = PBXFileReference; lastKnownFileType = image.tiff; name = "view-your-stories.tiff"; path = "UI assets/view-your-stories.tiff"; sourceTree = "<group>"; };
		8FFDEE051C9BC5E900B2E84E /* view-followed-profiles.tiff */ = {isa = PBXFileReference; lastKnownFileType = image.tiff; name = "view-followed-profiles.tiff"; path = "UI assets/view-followed-profiles.tiff"; sourceTree = "<group>"; };
		8FFDEE061C9BC5E900B2E84E /* log-out-profile.tiff */ = {isa = PBXFileReference; lastKnownFileType = image.tiff; name = "log-out-profile.tiff"; path = "UI assets/log-out-profile.tiff"; sourceTree = "<group>"; };
		8FFDEE0A1C9BDD3600B2E84E /* narrative-audio-background.tiff */ = {isa = PBXFileReference; lastKnownFileType = image.tiff; name = "narrative-audio-background.tiff"; path = "UI assets/narrative-audio-background.tiff"; sourceTree = "<group>"; };
		8FFDEE0C1C9BE12400B2E84E /* play-button.tiff */ = {isa = PBXFileReference; lastKnownFileType = image.tiff; name = "play-button.tiff"; path = "UI assets/play-button.tiff"; sourceTree = "<group>"; };
		8FFDEE0D1C9BE12400B2E84E /* pause-button.tiff */ = {isa = PBXFileReference; lastKnownFileType = image.tiff; name = "pause-button.tiff"; path = "UI assets/pause-button.tiff"; sourceTree = "<group>"; };
		9CC8E458E796A6085933AF88 /* Pods_AstrayUITests.framework */ = {isa = PBXFileReference; explicitFileType = wrapper.framework; includeInIndex = 0; path = Pods_AstrayUITests.framework; sourceTree = BUILT_PRODUCTS_DIR; };
		A270DC07E54A6D407493D5CE /* Pods_AstrayTests.framework */ = {isa = PBXFileReference; explicitFileType = wrapper.framework; includeInIndex = 0; path = Pods_AstrayTests.framework; sourceTree = BUILT_PRODUCTS_DIR; };
		B6FD38F251876BDBBF61A1E7 /* Pods_Astray.framework */ = {isa = PBXFileReference; explicitFileType = wrapper.framework; includeInIndex = 0; path = Pods_Astray.framework; sourceTree = BUILT_PRODUCTS_DIR; };
		C840D9131C9BA2B7005EC732 /* SeenStoriesMapController.swift */ = {isa = PBXFileReference; fileEncoding = 4; lastKnownFileType = sourcecode.swift; path = SeenStoriesMapController.swift; sourceTree = "<group>"; };
		C840D9151C9BAD5E005EC732 /* SlidingViewExtension.swift */ = {isa = PBXFileReference; fileEncoding = 4; lastKnownFileType = sourcecode.swift; path = SlidingViewExtension.swift; sourceTree = "<group>"; };
		C848768C1C7BEC8C008C401D /* Images.xcassets */ = {isa = PBXFileReference; lastKnownFileType = folder.assetcatalog; path = Images.xcassets; sourceTree = "<group>"; };
		C8A35F221C73CF5E006B9D4A /* CreateStoryController.swift */ = {isa = PBXFileReference; fileEncoding = 4; lastKnownFileType = sourcecode.swift; path = CreateStoryController.swift; sourceTree = "<group>"; };
		C8AD727D1C6AB66F005C54DE /* lakelag.mp3 */ = {isa = PBXFileReference; lastKnownFileType = audio.mp3; path = lakelag.mp3; sourceTree = "<group>"; };
		C8AD727E1C6AB66F005C54DE /* memchu.mp3 */ = {isa = PBXFileReference; lastKnownFileType = audio.mp3; path = memchu.mp3; sourceTree = "<group>"; };
		C8BCFC9E1C9B70460049F70C /* UserStoriesController.swift */ = {isa = PBXFileReference; fileEncoding = 4; lastKnownFileType = sourcecode.swift; path = UserStoriesController.swift; sourceTree = "<group>"; };
		C8D97A1F1C8D46A0003142CE /* FavoritesController.swift */ = {isa = PBXFileReference; fileEncoding = 4; lastKnownFileType = sourcecode.swift; path = FavoritesController.swift; sourceTree = "<group>"; };
		C8D97A211C8D692E003142CE /* SearchController.swift */ = {isa = PBXFileReference; fileEncoding = 4; lastKnownFileType = sourcecode.swift; path = SearchController.swift; sourceTree = "<group>"; };
		D240410A82D67689366AE0EC /* Pods-Astray.debug.xcconfig */ = {isa = PBXFileReference; includeInIndex = 1; lastKnownFileType = text.xcconfig; name = "Pods-Astray.debug.xcconfig"; path = "Pods/Target Support Files/Pods-Astray/Pods-Astray.debug.xcconfig"; sourceTree = "<group>"; };
		E448E9BBF990482EA28BCEBE /* Pods-AstrayTests.release.xcconfig */ = {isa = PBXFileReference; includeInIndex = 1; lastKnownFileType = text.xcconfig; name = "Pods-AstrayTests.release.xcconfig"; path = "Pods/Target Support Files/Pods-AstrayTests/Pods-AstrayTests.release.xcconfig"; sourceTree = "<group>"; };
/* End PBXFileReference section */

/* Begin PBXFrameworksBuildPhase section */
		69B4E6E91C5056EF00FF1663 /* Frameworks */ = {
			isa = PBXFrameworksBuildPhase;
			buildActionMask = 2147483647;
			files = (
				5237C27A0E6FEE4B768ADB24 /* Pods_Astray.framework in Frameworks */,
			);
			runOnlyForDeploymentPostprocessing = 0;
		};
		69B4E6FD1C5056EF00FF1663 /* Frameworks */ = {
			isa = PBXFrameworksBuildPhase;
			buildActionMask = 2147483647;
			files = (
				3298875DD9B009795684CCC9 /* Pods_AstrayTests.framework in Frameworks */,
			);
			runOnlyForDeploymentPostprocessing = 0;
		};
		69B4E7081C5056EF00FF1663 /* Frameworks */ = {
			isa = PBXFrameworksBuildPhase;
			buildActionMask = 2147483647;
			files = (
				D25A0340BAD78776591A0169 /* Pods_AstrayUITests.framework in Frameworks */,
			);
			runOnlyForDeploymentPostprocessing = 0;
		};
/* End PBXFrameworksBuildPhase section */

/* Begin PBXGroup section */
		69B4E6E31C5056EF00FF1663 = {
			isa = PBXGroup;
			children = (
				8FF177B41C6012B60035BB3D /* sample.mp3 */,
				69B4E6EE1C5056EF00FF1663 /* Astray */,
				69B4E7031C5056EF00FF1663 /* AstrayTests */,
				69B4E70E1C5056EF00FF1663 /* AstrayUITests */,
				69B4E6ED1C5056EF00FF1663 /* Products */,
				DF85C70DAEFC1CA837A59E13 /* Pods */,
				D27FDA998ADE4C51189AD248 /* Frameworks */,
			);
			sourceTree = "<group>";
		};
		69B4E6ED1C5056EF00FF1663 /* Products */ = {
			isa = PBXGroup;
			children = (
				69B4E6EC1C5056EF00FF1663 /* Astray.app */,
				69B4E7001C5056EF00FF1663 /* AstrayTests.xctest */,
				69B4E70B1C5056EF00FF1663 /* AstrayUITests.xctest */,
			);
			name = Products;
			sourceTree = "<group>";
		};
		69B4E6EE1C5056EF00FF1663 /* Astray */ = {
			isa = PBXGroup;
			children = (
				8F27915F1C850B910058D138 /* UI */,
				6995CDC91C6A8B420089117D /* RecordingViewController.swift */,
				C8BCFC9E1C9B70460049F70C /* UserStoriesController.swift */,
				6995CDC71C6A8B360089117D /* LoginViewController.swift */,
				8F27915B1C8507DF0058D138 /* CreateAccountViewController.swift */,
				6995CDC51C6A8B2B0089117D /* global.swift */,
				694464441C688CDE00B7A12F /* User.swift */,
				6995CDCF1C6A8B6B0089117D /* UserController.swift */,
				69B4E6EF1C5056EF00FF1663 /* AppDelegate.swift */,
				82E951C31C9BF256003B1FC1 /* TextViewController.swift */,
				C8AD727D1C6AB66F005C54DE /* lakelag.mp3 */,
				C8AD727E1C6AB66F005C54DE /* memchu.mp3 */,
				69B4E6F11C5056EF00FF1663 /* ViewController.swift */,
				69B4E6F31C5056EF00FF1663 /* Main.storyboard */,
				6995CDCB1C6A8B510089117D /* sample.mp3 */,
				6995CDCD1C6A8B540089117D /* samplevideo.mov */,
				8FF177B21C60101D0035BB3D /* sax.mp3 */,
				8FF177B01C600EA70035BB3D /* NarrativeViewController.swift */,
				69B4E6F61C5056EF00FF1663 /* Assets.xcassets */,
				69B4E6F81C5056EF00FF1663 /* LaunchScreen.storyboard */,
				69B4E6FB1C5056EF00FF1663 /* Info.plist */,
				6944644C1C688DA100B7A12F /* Story.swift */,
				C8A35F221C73CF5E006B9D4A /* CreateStoryController.swift */,
				82E951BF1C9BC6B4003B1FC1 /* CreateAudioController.swift */,
				82E951C11C9BE2D4003B1FC1 /* CreateTextController.swift */,
				C848768C1C7BEC8C008C401D /* Images.xcassets */,
				C8D97A1F1C8D46A0003142CE /* FavoritesController.swift */,
				C8D97A211C8D692E003142CE /* SearchController.swift */,
				C840D9131C9BA2B7005EC732 /* SeenStoriesMapController.swift */,
				C840D9151C9BAD5E005EC732 /* SlidingViewExtension.swift */,
			);
			path = Astray;
			sourceTree = "<group>";
		};
		69B4E7031C5056EF00FF1663 /* AstrayTests */ = {
			isa = PBXGroup;
			children = (
				69B4E7041C5056EF00FF1663 /* AstrayTests.swift */,
				69B4E7061C5056EF00FF1663 /* Info.plist */,
			);
			path = AstrayTests;
			sourceTree = "<group>";
		};
		69B4E70E1C5056EF00FF1663 /* AstrayUITests */ = {
			isa = PBXGroup;
			children = (
				69B4E70F1C5056EF00FF1663 /* AstrayUITests.swift */,
				69B4E7111C5056EF00FF1663 /* Info.plist */,
			);
			path = AstrayUITests;
			sourceTree = "<group>";
		};
		8F27915F1C850B910058D138 /* UI */ = {
			isa = PBXGroup;
			children = (
				8F24C3DB1C9C89B60001D02C /* read-button.tiff */,
				8F24C3DC1C9C89B60001D02C /* listen-button.tiff */,
				8F24C3D91C9C87100001D02C /* go-to-profile.tiff */,
				8F24C3D71C9C7BEE0001D02C /* discover-card.tiff */,
				8F24C3D11C9C5A350001D02C /* profile-icon.tiff */,
				8F24C3D21C9C5A350001D02C /* search-icon.tiff */,
				8F24C3D31C9C5A350001D02C /* create-icon.tiff */,
				8FF63C311C9C58E6001F51CB /* discover-top-bar.tiff */,
				8FF63C2D1C9C5444001F51CB /* stop-recording.tiff */,
				8FF63C2E1C9C5444001F51CB /* record-new-track.tiff */,
				8FF63C2B1C9C46B5001F51CB /* create-audio-background.tiff */,
				8FF63C291C9C41B8001F51CB /* upload-button.tiff */,
				8FF63C271C9C3899001F51CB /* create-text-background.tiff */,
				8FF63C251C9C3319001F51CB /* Montserrat-Light.otf */,
				8FF63C231C9C2D27001F51CB /* narrative-text-background.tiff */,
				8FFDEE0C1C9BE12400B2E84E /* play-button.tiff */,
				8FFDEE0D1C9BE12400B2E84E /* pause-button.tiff */,
				8FFDEE0A1C9BDD3600B2E84E /* narrative-audio-background.tiff */,
				8FFDEE041C9BC5E900B2E84E /* view-your-stories.tiff */,
				8FFDEE051C9BC5E900B2E84E /* view-followed-profiles.tiff */,
				8FFDEE061C9BC5E900B2E84E /* log-out-profile.tiff */,
				8FFDEE021C9BC2D200B2E84E /* edit-button.tiff */,
				8F660BA41C9B83CC009C0E9F /* profile-background.tiff */,
				8FE01EDE1C8D73CD009FF8C7 /* create-video-button.tiff */,
				8FE01EDF1C8D73CD009FF8C7 /* create-audio-button.tiff */,
				8FE01EDC1C8D70C1009FF8C7 /* create-text-button.tiff */,
				8FE01EDA1C8D69D1009FF8C7 /* create-map-bottom.tiff */,
				8FE01ED81C8D6346009FF8C7 /* create-top-bar.tiff */,
				8F2791721C851DE40058D138 /* cancel-button.tiff */,
				8F2791641C851CE00058D138 /* finish-button.tiff */,
				8F2791651C851CE00058D138 /* back-chevron.tiff */,
				8F2791661C851CE00058D138 /* create-acct-background.tiff */,
				8F2791671C851CE00058D138 /* create-acct-button.tiff */,
				8F2791681C851CE00058D138 /* login-button.tiff */,
				8F2791691C851CE00058D138 /* login-background.tiff */,
				8F2791571C84F3FB0058D138 /* Montserrat-Regular.otf */,
			);
			name = UI;
			sourceTree = "<group>";
		};
		D27FDA998ADE4C51189AD248 /* Frameworks */ = {
			isa = PBXGroup;
			children = (
				B6FD38F251876BDBBF61A1E7 /* Pods_Astray.framework */,
				A270DC07E54A6D407493D5CE /* Pods_AstrayTests.framework */,
				9CC8E458E796A6085933AF88 /* Pods_AstrayUITests.framework */,
			);
			name = Frameworks;
			sourceTree = "<group>";
		};
		DF85C70DAEFC1CA837A59E13 /* Pods */ = {
			isa = PBXGroup;
			children = (
				D240410A82D67689366AE0EC /* Pods-Astray.debug.xcconfig */,
				0C26449DA6E10011EAB7342E /* Pods-Astray.release.xcconfig */,
				6528C3966EF87CEEBB6E8AFB /* Pods-AstrayTests.debug.xcconfig */,
				E448E9BBF990482EA28BCEBE /* Pods-AstrayTests.release.xcconfig */,
				2E282CA6B6C638C54F460BC5 /* Pods-AstrayUITests.debug.xcconfig */,
				6E4E458BC9672AEEE42EC048 /* Pods-AstrayUITests.release.xcconfig */,
			);
			name = Pods;
			sourceTree = "<group>";
		};
/* End PBXGroup section */

/* Begin PBXNativeTarget section */
		69B4E6EB1C5056EF00FF1663 /* Astray */ = {
			isa = PBXNativeTarget;
			buildConfigurationList = 69B4E7141C5056EF00FF1663 /* Build configuration list for PBXNativeTarget "Astray" */;
			buildPhases = (
				EE9A08BDB7FEEFE49B640851 /* Check Pods Manifest.lock */,
				69B4E6E81C5056EF00FF1663 /* Sources */,
				69B4E6E91C5056EF00FF1663 /* Frameworks */,
				69B4E6EA1C5056EF00FF1663 /* Resources */,
				D3DDD95E8920F8FCEED7F941 /* Embed Pods Frameworks */,
				C14655A7ECE6A039E935604B /* Copy Pods Resources */,
			);
			buildRules = (
			);
			dependencies = (
			);
			name = Astray;
			productName = Astray;
			productReference = 69B4E6EC1C5056EF00FF1663 /* Astray.app */;
			productType = "com.apple.product-type.application";
		};
		69B4E6FF1C5056EF00FF1663 /* AstrayTests */ = {
			isa = PBXNativeTarget;
			buildConfigurationList = 69B4E7171C5056EF00FF1663 /* Build configuration list for PBXNativeTarget "AstrayTests" */;
			buildPhases = (
				786383BB3B3D5F9623356DD2 /* Check Pods Manifest.lock */,
				69B4E6FC1C5056EF00FF1663 /* Sources */,
				69B4E6FD1C5056EF00FF1663 /* Frameworks */,
				69B4E6FE1C5056EF00FF1663 /* Resources */,
				239166C7B0C7E8039135FAAF /* Embed Pods Frameworks */,
				03CA64D4213ACFFD9CB88CF0 /* Copy Pods Resources */,
			);
			buildRules = (
			);
			dependencies = (
				69B4E7021C5056EF00FF1663 /* PBXTargetDependency */,
			);
			name = AstrayTests;
			productName = AstrayTests;
			productReference = 69B4E7001C5056EF00FF1663 /* AstrayTests.xctest */;
			productType = "com.apple.product-type.bundle.unit-test";
		};
		69B4E70A1C5056EF00FF1663 /* AstrayUITests */ = {
			isa = PBXNativeTarget;
			buildConfigurationList = 69B4E71A1C5056EF00FF1663 /* Build configuration list for PBXNativeTarget "AstrayUITests" */;
			buildPhases = (
				BCDED8F958B916683BEFF569 /* Check Pods Manifest.lock */,
				69B4E7071C5056EF00FF1663 /* Sources */,
				69B4E7081C5056EF00FF1663 /* Frameworks */,
				69B4E7091C5056EF00FF1663 /* Resources */,
				85D225D92D901267E5EA5CEA /* Copy Pods Resources */,
			);
			buildRules = (
			);
			dependencies = (
				69B4E70D1C5056EF00FF1663 /* PBXTargetDependency */,
			);
			name = AstrayUITests;
			productName = AstrayUITests;
			productReference = 69B4E70B1C5056EF00FF1663 /* AstrayUITests.xctest */;
			productType = "com.apple.product-type.bundle.ui-testing";
		};
/* End PBXNativeTarget section */

/* Begin PBXProject section */
		69B4E6E41C5056EF00FF1663 /* Project object */ = {
			isa = PBXProject;
			attributes = {
				LastSwiftUpdateCheck = 0720;
				LastUpgradeCheck = 0720;
				ORGANIZATIONNAME = yes;
				TargetAttributes = {
					69B4E6EB1C5056EF00FF1663 = {
						CreatedOnToolsVersion = 7.2;
						DevelopmentTeam = 2844T94CU2;
					};
					69B4E6FF1C5056EF00FF1663 = {
						CreatedOnToolsVersion = 7.2;
						TestTargetID = 69B4E6EB1C5056EF00FF1663;
					};
					69B4E70A1C5056EF00FF1663 = {
						CreatedOnToolsVersion = 7.2;
						TestTargetID = 69B4E6EB1C5056EF00FF1663;
					};
				};
			};
			buildConfigurationList = 69B4E6E71C5056EF00FF1663 /* Build configuration list for PBXProject "Astray" */;
			compatibilityVersion = "Xcode 3.2";
			developmentRegion = English;
			hasScannedForEncodings = 0;
			knownRegions = (
				en,
				Base,
			);
			mainGroup = 69B4E6E31C5056EF00FF1663;
			productRefGroup = 69B4E6ED1C5056EF00FF1663 /* Products */;
			projectDirPath = "";
			projectRoot = "";
			targets = (
				69B4E6EB1C5056EF00FF1663 /* Astray */,
				69B4E6FF1C5056EF00FF1663 /* AstrayTests */,
				69B4E70A1C5056EF00FF1663 /* AstrayUITests */,
			);
		};
/* End PBXProject section */

/* Begin PBXResourcesBuildPhase section */
		69B4E6EA1C5056EF00FF1663 /* Resources */ = {
			isa = PBXResourcesBuildPhase;
			buildActionMask = 2147483647;
			files = (
				C848768D1C7BEC8C008C401D /* Images.xcassets in Resources */,
				8FF63C321C9C58E6001F51CB /* discover-top-bar.tiff in Resources */,
				8FF63C301C9C5444001F51CB /* record-new-track.tiff in Resources */,
				8F24C3D51C9C5A350001D02C /* search-icon.tiff in Resources */,
				8FE01EDD1C8D70C1009FF8C7 /* create-text-button.tiff in Resources */,
				6995CDCE1C6A8B540089117D /* samplevideo.mov in Resources */,
				8FFDEE091C9BC5E900B2E84E /* log-out-profile.tiff in Resources */,
				8F2791701C851CE00058D138 /* login-background.tiff in Resources */,
				8F24C3D61C9C5A350001D02C /* create-icon.tiff in Resources */,
				8F660BA51C9B83CC009C0E9F /* profile-background.tiff in Resources */,
				69B4E6FA1C5056EF00FF1663 /* LaunchScreen.storyboard in Resources */,
				8F24C3DE1C9C89B60001D02C /* listen-button.tiff in Resources */,
				8FF63C2C1C9C46B5001F51CB /* create-audio-background.tiff in Resources */,
				8F2791581C84F3FB0058D138 /* Montserrat-Regular.otf in Resources */,
				8FE01EE01C8D73CD009FF8C7 /* create-video-button.tiff in Resources */,
				8F27916D1C851CE00058D138 /* create-acct-background.tiff in Resources */,
				8FFDEE0E1C9BE12400B2E84E /* play-button.tiff in Resources */,
				8FFDEE081C9BC5E900B2E84E /* view-followed-profiles.tiff in Resources */,
				8FF63C241C9C2D27001F51CB /* narrative-text-background.tiff in Resources */,
				8F27916E1C851CE00058D138 /* create-acct-button.tiff in Resources */,
				69B4E6F71C5056EF00FF1663 /* Assets.xcassets in Resources */,
				8F24C3DA1C9C87100001D02C /* go-to-profile.tiff in Resources */,
				8FE01EE11C8D73CD009FF8C7 /* create-audio-button.tiff in Resources */,
				8FFDEE0F1C9BE12400B2E84E /* pause-button.tiff in Resources */,
				8F27916F1C851CE00058D138 /* login-button.tiff in Resources */,
				C8AD727F1C6AB66F005C54DE /* lakelag.mp3 in Resources */,
				8F27916B1C851CE00058D138 /* finish-button.tiff in Resources */,
				8F2791731C851DE40058D138 /* cancel-button.tiff in Resources */,
				8FF63C2F1C9C5444001F51CB /* stop-recording.tiff in Resources */,
				69B4E6F51C5056EF00FF1663 /* Main.storyboard in Resources */,
				8FE01EDB1C8D69D1009FF8C7 /* create-map-bottom.tiff in Resources */,
				8FF177B51C6012B60035BB3D /* sample.mp3 in Resources */,
				8F24C3D41C9C5A350001D02C /* profile-icon.tiff in Resources */,
				8F24C3DD1C9C89B60001D02C /* read-button.tiff in Resources */,
				8FE01ED91C8D6346009FF8C7 /* create-top-bar.tiff in Resources */,
				8FFDEE0B1C9BDD3600B2E84E /* narrative-audio-background.tiff in Resources */,
				8FFDEE071C9BC5E900B2E84E /* view-your-stories.tiff in Resources */,
				6995CDCC1C6A8B510089117D /* sample.mp3 in Resources */,
				8FF63C281C9C3899001F51CB /* create-text-background.tiff in Resources */,
				8FF63C2A1C9C41B8001F51CB /* upload-button.tiff in Resources */,
				C8AD72801C6AB66F005C54DE /* memchu.mp3 in Resources */,
				8FFDEE031C9BC2D200B2E84E /* edit-button.tiff in Resources */,
				8F27916C1C851CE00058D138 /* back-chevron.tiff in Resources */,
				8FF63C261C9C3319001F51CB /* Montserrat-Light.otf in Resources */,
				8F24C3D81C9C7BEE0001D02C /* discover-card.tiff in Resources */,
			);
			runOnlyForDeploymentPostprocessing = 0;
		};
		69B4E6FE1C5056EF00FF1663 /* Resources */ = {
			isa = PBXResourcesBuildPhase;
			buildActionMask = 2147483647;
			files = (
			);
			runOnlyForDeploymentPostprocessing = 0;
		};
		69B4E7091C5056EF00FF1663 /* Resources */ = {
			isa = PBXResourcesBuildPhase;
			buildActionMask = 2147483647;
			files = (
			);
			runOnlyForDeploymentPostprocessing = 0;
		};
/* End PBXResourcesBuildPhase section */

/* Begin PBXShellScriptBuildPhase section */
		03CA64D4213ACFFD9CB88CF0 /* Copy Pods Resources */ = {
			isa = PBXShellScriptBuildPhase;
			buildActionMask = 2147483647;
			files = (
			);
			inputPaths = (
			);
			name = "Copy Pods Resources";
			outputPaths = (
			);
			runOnlyForDeploymentPostprocessing = 0;
			shellPath = /bin/sh;
			shellScript = "\"${SRCROOT}/Pods/Target Support Files/Pods-AstrayTests/Pods-AstrayTests-resources.sh\"\n";
			showEnvVarsInLog = 0;
		};
		239166C7B0C7E8039135FAAF /* Embed Pods Frameworks */ = {
			isa = PBXShellScriptBuildPhase;
			buildActionMask = 2147483647;
			files = (
			);
			inputPaths = (
			);
			name = "Embed Pods Frameworks";
			outputPaths = (
			);
			runOnlyForDeploymentPostprocessing = 0;
			shellPath = /bin/sh;
			shellScript = "\"${SRCROOT}/Pods/Target Support Files/Pods-AstrayTests/Pods-AstrayTests-frameworks.sh\"\n";
			showEnvVarsInLog = 0;
		};
		786383BB3B3D5F9623356DD2 /* Check Pods Manifest.lock */ = {
			isa = PBXShellScriptBuildPhase;
			buildActionMask = 2147483647;
			files = (
			);
			inputPaths = (
			);
			name = "Check Pods Manifest.lock";
			outputPaths = (
			);
			runOnlyForDeploymentPostprocessing = 0;
			shellPath = /bin/sh;
			shellScript = "diff \"${PODS_ROOT}/../Podfile.lock\" \"${PODS_ROOT}/Manifest.lock\" > /dev/null\nif [[ $? != 0 ]] ; then\n    cat << EOM\nerror: The sandbox is not in sync with the Podfile.lock. Run 'pod install' or update your CocoaPods installation.\nEOM\n    exit 1\nfi\n";
			showEnvVarsInLog = 0;
		};
		85D225D92D901267E5EA5CEA /* Copy Pods Resources */ = {
			isa = PBXShellScriptBuildPhase;
			buildActionMask = 2147483647;
			files = (
			);
			inputPaths = (
			);
			name = "Copy Pods Resources";
			outputPaths = (
			);
			runOnlyForDeploymentPostprocessing = 0;
			shellPath = /bin/sh;
			shellScript = "\"${SRCROOT}/Pods/Target Support Files/Pods-AstrayUITests/Pods-AstrayUITests-resources.sh\"\n";
			showEnvVarsInLog = 0;
		};
		BCDED8F958B916683BEFF569 /* Check Pods Manifest.lock */ = {
			isa = PBXShellScriptBuildPhase;
			buildActionMask = 2147483647;
			files = (
			);
			inputPaths = (
			);
			name = "Check Pods Manifest.lock";
			outputPaths = (
			);
			runOnlyForDeploymentPostprocessing = 0;
			shellPath = /bin/sh;
			shellScript = "diff \"${PODS_ROOT}/../Podfile.lock\" \"${PODS_ROOT}/Manifest.lock\" > /dev/null\nif [[ $? != 0 ]] ; then\n    cat << EOM\nerror: The sandbox is not in sync with the Podfile.lock. Run 'pod install' or update your CocoaPods installation.\nEOM\n    exit 1\nfi\n";
			showEnvVarsInLog = 0;
		};
		C14655A7ECE6A039E935604B /* Copy Pods Resources */ = {
			isa = PBXShellScriptBuildPhase;
			buildActionMask = 2147483647;
			files = (
			);
			inputPaths = (
			);
			name = "Copy Pods Resources";
			outputPaths = (
			);
			runOnlyForDeploymentPostprocessing = 0;
			shellPath = /bin/sh;
			shellScript = "\"${SRCROOT}/Pods/Target Support Files/Pods-Astray/Pods-Astray-resources.sh\"\n";
			showEnvVarsInLog = 0;
		};
		D3DDD95E8920F8FCEED7F941 /* Embed Pods Frameworks */ = {
			isa = PBXShellScriptBuildPhase;
			buildActionMask = 2147483647;
			files = (
			);
			inputPaths = (
			);
			name = "Embed Pods Frameworks";
			outputPaths = (
			);
			runOnlyForDeploymentPostprocessing = 0;
			shellPath = /bin/sh;
			shellScript = "\"${SRCROOT}/Pods/Target Support Files/Pods-Astray/Pods-Astray-frameworks.sh\"\n";
			showEnvVarsInLog = 0;
		};
		EE9A08BDB7FEEFE49B640851 /* Check Pods Manifest.lock */ = {
			isa = PBXShellScriptBuildPhase;
			buildActionMask = 2147483647;
			files = (
			);
			inputPaths = (
			);
			name = "Check Pods Manifest.lock";
			outputPaths = (
			);
			runOnlyForDeploymentPostprocessing = 0;
			shellPath = /bin/sh;
			shellScript = "diff \"${PODS_ROOT}/../Podfile.lock\" \"${PODS_ROOT}/Manifest.lock\" > /dev/null\nif [[ $? != 0 ]] ; then\n    cat << EOM\nerror: The sandbox is not in sync with the Podfile.lock. Run 'pod install' or update your CocoaPods installation.\nEOM\n    exit 1\nfi\n";
			showEnvVarsInLog = 0;
		};
/* End PBXShellScriptBuildPhase section */

/* Begin PBXSourcesBuildPhase section */
		69B4E6E81C5056EF00FF1663 /* Sources */ = {
			isa = PBXSourcesBuildPhase;
			buildActionMask = 2147483647;
			files = (
				82E951C01C9BC6B5003B1FC1 /* CreateAudioController.swift in Sources */,
				C8BCFC9F1C9B70460049F70C /* UserStoriesController.swift in Sources */,
				6995CDD01C6A8B6B0089117D /* UserController.swift in Sources */,
				6995CDC81C6A8B360089117D /* LoginViewController.swift in Sources */,
				82E951C21C9BE2D4003B1FC1 /* CreateTextController.swift in Sources */,
				6995CDC61C6A8B2B0089117D /* global.swift in Sources */,
				C8D97A221C8D692E003142CE /* SearchController.swift in Sources */,
				8F27915C1C8507DF0058D138 /* CreateAccountViewController.swift in Sources */,
				694464451C688CDE00B7A12F /* User.swift in Sources */,
				C840D9161C9BAD5E005EC732 /* SlidingViewExtension.swift in Sources */,
				69B4E6F21C5056EF00FF1663 /* ViewController.swift in Sources */,
				6995CDCA1C6A8B420089117D /* RecordingViewController.swift in Sources */,
				69B4E6F01C5056EF00FF1663 /* AppDelegate.swift in Sources */,
				8FF177B11C600EA70035BB3D /* NarrativeViewController.swift in Sources */,
				C840D9141C9BA2B7005EC732 /* SeenStoriesMapController.swift in Sources */,
				6944644D1C688DA100B7A12F /* Story.swift in Sources */,
				C8A35F231C73CF5E006B9D4A /* CreateStoryController.swift in Sources */,
				82E951C41C9BF256003B1FC1 /* TextViewController.swift in Sources */,
				C8D97A201C8D46A0003142CE /* FavoritesController.swift in Sources */,
			);
			runOnlyForDeploymentPostprocessing = 0;
		};
		69B4E6FC1C5056EF00FF1663 /* Sources */ = {
			isa = PBXSourcesBuildPhase;
			buildActionMask = 2147483647;
			files = (
				C8D97A1E1C8D40AF003142CE /* UserController.swift in Sources */,
				69B4E7051C5056EF00FF1663 /* AstrayTests.swift in Sources */,
			);
			runOnlyForDeploymentPostprocessing = 0;
		};
		69B4E7071C5056EF00FF1663 /* Sources */ = {
			isa = PBXSourcesBuildPhase;
			buildActionMask = 2147483647;
			files = (
				69B4E7101C5056EF00FF1663 /* AstrayUITests.swift in Sources */,
			);
			runOnlyForDeploymentPostprocessing = 0;
		};
/* End PBXSourcesBuildPhase section */

/* Begin PBXTargetDependency section */
		69B4E7021C5056EF00FF1663 /* PBXTargetDependency */ = {
			isa = PBXTargetDependency;
			target = 69B4E6EB1C5056EF00FF1663 /* Astray */;
			targetProxy = 69B4E7011C5056EF00FF1663 /* PBXContainerItemProxy */;
		};
		69B4E70D1C5056EF00FF1663 /* PBXTargetDependency */ = {
			isa = PBXTargetDependency;
			target = 69B4E6EB1C5056EF00FF1663 /* Astray */;
			targetProxy = 69B4E70C1C5056EF00FF1663 /* PBXContainerItemProxy */;
		};
/* End PBXTargetDependency section */

/* Begin PBXVariantGroup section */
		69B4E6F31C5056EF00FF1663 /* Main.storyboard */ = {
			isa = PBXVariantGroup;
			children = (
				69B4E6F41C5056EF00FF1663 /* Base */,
			);
			name = Main.storyboard;
			sourceTree = "<group>";
		};
		69B4E6F81C5056EF00FF1663 /* LaunchScreen.storyboard */ = {
			isa = PBXVariantGroup;
			children = (
				69B4E6F91C5056EF00FF1663 /* Base */,
			);
			name = LaunchScreen.storyboard;
			sourceTree = "<group>";
		};
/* End PBXVariantGroup section */

/* Begin XCBuildConfiguration section */
		69B4E7121C5056EF00FF1663 /* Debug */ = {
			isa = XCBuildConfiguration;
			buildSettings = {
				ALWAYS_SEARCH_USER_PATHS = NO;
				CLANG_CXX_LANGUAGE_STANDARD = "gnu++0x";
				CLANG_CXX_LIBRARY = "libc++";
				CLANG_ENABLE_MODULES = YES;
				CLANG_ENABLE_OBJC_ARC = YES;
				CLANG_WARN_BOOL_CONVERSION = YES;
				CLANG_WARN_CONSTANT_CONVERSION = YES;
				CLANG_WARN_DIRECT_OBJC_ISA_USAGE = YES_ERROR;
				CLANG_WARN_EMPTY_BODY = YES;
				CLANG_WARN_ENUM_CONVERSION = YES;
				CLANG_WARN_INT_CONVERSION = YES;
				CLANG_WARN_OBJC_ROOT_CLASS = YES_ERROR;
				CLANG_WARN_UNREACHABLE_CODE = YES;
				CLANG_WARN__DUPLICATE_METHOD_MATCH = YES;
				"CODE_SIGN_IDENTITY[sdk=iphoneos*]" = "iPhone Developer";
				COPY_PHASE_STRIP = NO;
				DEBUG_INFORMATION_FORMAT = dwarf;
				ENABLE_STRICT_OBJC_MSGSEND = YES;
				ENABLE_TESTABILITY = YES;
				GCC_C_LANGUAGE_STANDARD = gnu99;
				GCC_DYNAMIC_NO_PIC = NO;
				GCC_NO_COMMON_BLOCKS = YES;
				GCC_OPTIMIZATION_LEVEL = 0;
				GCC_PREPROCESSOR_DEFINITIONS = (
					"DEBUG=1",
					"$(inherited)",
				);
				GCC_WARN_64_TO_32_BIT_CONVERSION = YES;
				GCC_WARN_ABOUT_RETURN_TYPE = YES_ERROR;
				GCC_WARN_UNDECLARED_SELECTOR = YES;
				GCC_WARN_UNINITIALIZED_AUTOS = YES_AGGRESSIVE;
				GCC_WARN_UNUSED_FUNCTION = YES;
				GCC_WARN_UNUSED_VARIABLE = YES;
				IPHONEOS_DEPLOYMENT_TARGET = 9.2;
				MTL_ENABLE_DEBUG_INFO = YES;
				ONLY_ACTIVE_ARCH = YES;
				SDKROOT = iphoneos;
				SWIFT_OPTIMIZATION_LEVEL = "-Onone";
				TARGETED_DEVICE_FAMILY = "1,2";
			};
			name = Debug;
		};
		69B4E7131C5056EF00FF1663 /* Release */ = {
			isa = XCBuildConfiguration;
			buildSettings = {
				ALWAYS_SEARCH_USER_PATHS = NO;
				CLANG_CXX_LANGUAGE_STANDARD = "gnu++0x";
				CLANG_CXX_LIBRARY = "libc++";
				CLANG_ENABLE_MODULES = YES;
				CLANG_ENABLE_OBJC_ARC = YES;
				CLANG_WARN_BOOL_CONVERSION = YES;
				CLANG_WARN_CONSTANT_CONVERSION = YES;
				CLANG_WARN_DIRECT_OBJC_ISA_USAGE = YES_ERROR;
				CLANG_WARN_EMPTY_BODY = YES;
				CLANG_WARN_ENUM_CONVERSION = YES;
				CLANG_WARN_INT_CONVERSION = YES;
				CLANG_WARN_OBJC_ROOT_CLASS = YES_ERROR;
				CLANG_WARN_UNREACHABLE_CODE = YES;
				CLANG_WARN__DUPLICATE_METHOD_MATCH = YES;
				"CODE_SIGN_IDENTITY[sdk=iphoneos*]" = "iPhone Developer";
				COPY_PHASE_STRIP = NO;
				DEBUG_INFORMATION_FORMAT = "dwarf-with-dsym";
				ENABLE_NS_ASSERTIONS = NO;
				ENABLE_STRICT_OBJC_MSGSEND = YES;
				GCC_C_LANGUAGE_STANDARD = gnu99;
				GCC_NO_COMMON_BLOCKS = YES;
				GCC_WARN_64_TO_32_BIT_CONVERSION = YES;
				GCC_WARN_ABOUT_RETURN_TYPE = YES_ERROR;
				GCC_WARN_UNDECLARED_SELECTOR = YES;
				GCC_WARN_UNINITIALIZED_AUTOS = YES_AGGRESSIVE;
				GCC_WARN_UNUSED_FUNCTION = YES;
				GCC_WARN_UNUSED_VARIABLE = YES;
				IPHONEOS_DEPLOYMENT_TARGET = 9.2;
				MTL_ENABLE_DEBUG_INFO = NO;
				SDKROOT = iphoneos;
				TARGETED_DEVICE_FAMILY = "1,2";
				VALIDATE_PRODUCT = YES;
			};
			name = Release;
		};
		69B4E7151C5056EF00FF1663 /* Debug */ = {
			isa = XCBuildConfiguration;
			baseConfigurationReference = D240410A82D67689366AE0EC /* Pods-Astray.debug.xcconfig */;
			buildSettings = {
				ASSETCATALOG_COMPILER_APPICON_NAME = "AppIcon-1";
				ASSETCATALOG_COMPILER_LAUNCHIMAGE_NAME = "Brand Assets";
				CODE_SIGN_IDENTITY = "iPhone Developer";
				"CODE_SIGN_IDENTITY[sdk=iphoneos*]" = "iPhone Developer";
				INFOPLIST_FILE = Astray/Info.plist;
				LD_RUNPATH_SEARCH_PATHS = "$(inherited) @executable_path/Frameworks";
				PRODUCT_BUNDLE_IDENTIFIER = com.jhgshgfgcvgvgdfgfgf.Astray;
				PRODUCT_NAME = "$(TARGET_NAME)";
				PROVISIONING_PROFILE = "";
				SWIFT_OBJC_BRIDGING_HEADER = "Astray-Bridging-Header.h";
			};
			name = Debug;
		};
		69B4E7161C5056EF00FF1663 /* Release */ = {
			isa = XCBuildConfiguration;
			baseConfigurationReference = 0C26449DA6E10011EAB7342E /* Pods-Astray.release.xcconfig */;
			buildSettings = {
				ASSETCATALOG_COMPILER_APPICON_NAME = "AppIcon-1";
				ASSETCATALOG_COMPILER_LAUNCHIMAGE_NAME = "Brand Assets";
				CODE_SIGN_IDENTITY = "iPhone Developer";
				"CODE_SIGN_IDENTITY[sdk=iphoneos*]" = "iPhone Developer";
				INFOPLIST_FILE = Astray/Info.plist;
				LD_RUNPATH_SEARCH_PATHS = "$(inherited) @executable_path/Frameworks";
				PRODUCT_BUNDLE_IDENTIFIER = com.jhgshgfgcvgvgdfgfgf.Astray;
				PRODUCT_NAME = "$(TARGET_NAME)";
				PROVISIONING_PROFILE = "";
				SWIFT_OBJC_BRIDGING_HEADER = "Astray-Bridging-Header.h";
			};
			name = Release;
		};
		69B4E7181C5056EF00FF1663 /* Debug */ = {
			isa = XCBuildConfiguration;
			baseConfigurationReference = 6528C3966EF87CEEBB6E8AFB /* Pods-AstrayTests.debug.xcconfig */;
			buildSettings = {
				BUNDLE_LOADER = "$(TEST_HOST)";
				INFOPLIST_FILE = AstrayTests/Info.plist;
				LD_RUNPATH_SEARCH_PATHS = "$(inherited) @executable_path/Frameworks @loader_path/Frameworks";
				PRODUCT_BUNDLE_IDENTIFIER = com.arewemeeting.AstrayTests;
				PRODUCT_NAME = "$(TARGET_NAME)";
				TEST_HOST = "$(BUILT_PRODUCTS_DIR)/Astray.app/Astray";
			};
			name = Debug;
		};
		69B4E7191C5056EF00FF1663 /* Release */ = {
			isa = XCBuildConfiguration;
			baseConfigurationReference = E448E9BBF990482EA28BCEBE /* Pods-AstrayTests.release.xcconfig */;
			buildSettings = {
				BUNDLE_LOADER = "$(TEST_HOST)";
				INFOPLIST_FILE = AstrayTests/Info.plist;
				LD_RUNPATH_SEARCH_PATHS = "$(inherited) @executable_path/Frameworks @loader_path/Frameworks";
				PRODUCT_BUNDLE_IDENTIFIER = com.arewemeeting.AstrayTests;
				PRODUCT_NAME = "$(TARGET_NAME)";
				TEST_HOST = "$(BUILT_PRODUCTS_DIR)/Astray.app/Astray";
			};
			name = Release;
		};
		69B4E71B1C5056EF00FF1663 /* Debug */ = {
			isa = XCBuildConfiguration;
			baseConfigurationReference = 2E282CA6B6C638C54F460BC5 /* Pods-AstrayUITests.debug.xcconfig */;
			buildSettings = {
				INFOPLIST_FILE = AstrayUITests/Info.plist;
				LD_RUNPATH_SEARCH_PATHS = "$(inherited) @executable_path/Frameworks @loader_path/Frameworks";
				PRODUCT_BUNDLE_IDENTIFIER = com.arewemeeting.AstrayUITests;
				PRODUCT_NAME = "$(TARGET_NAME)";
				TEST_TARGET_NAME = Astray;
				USES_XCTRUNNER = YES;
			};
			name = Debug;
		};
		69B4E71C1C5056EF00FF1663 /* Release */ = {
			isa = XCBuildConfiguration;
			baseConfigurationReference = 6E4E458BC9672AEEE42EC048 /* Pods-AstrayUITests.release.xcconfig */;
			buildSettings = {
				INFOPLIST_FILE = AstrayUITests/Info.plist;
				LD_RUNPATH_SEARCH_PATHS = "$(inherited) @executable_path/Frameworks @loader_path/Frameworks";
				PRODUCT_BUNDLE_IDENTIFIER = com.arewemeeting.AstrayUITests;
				PRODUCT_NAME = "$(TARGET_NAME)";
				TEST_TARGET_NAME = Astray;
				USES_XCTRUNNER = YES;
			};
			name = Release;
		};
/* End XCBuildConfiguration section */

/* Begin XCConfigurationList section */
		69B4E6E71C5056EF00FF1663 /* Build configuration list for PBXProject "Astray" */ = {
			isa = XCConfigurationList;
			buildConfigurations = (
				69B4E7121C5056EF00FF1663 /* Debug */,
				69B4E7131C5056EF00FF1663 /* Release */,
			);
			defaultConfigurationIsVisible = 0;
			defaultConfigurationName = Release;
		};
		69B4E7141C5056EF00FF1663 /* Build configuration list for PBXNativeTarget "Astray" */ = {
			isa = XCConfigurationList;
			buildConfigurations = (
				69B4E7151C5056EF00FF1663 /* Debug */,
				69B4E7161C5056EF00FF1663 /* Release */,
			);
			defaultConfigurationIsVisible = 0;
			defaultConfigurationName = Release;
		};
		69B4E7171C5056EF00FF1663 /* Build configuration list for PBXNativeTarget "AstrayTests" */ = {
			isa = XCConfigurationList;
			buildConfigurations = (
				69B4E7181C5056EF00FF1663 /* Debug */,
				69B4E7191C5056EF00FF1663 /* Release */,
			);
			defaultConfigurationIsVisible = 0;
			defaultConfigurationName = Release;
		};
		69B4E71A1C5056EF00FF1663 /* Build configuration list for PBXNativeTarget "AstrayUITests" */ = {
			isa = XCConfigurationList;
			buildConfigurations = (
				69B4E71B1C5056EF00FF1663 /* Debug */,
				69B4E71C1C5056EF00FF1663 /* Release */,
			);
			defaultConfigurationIsVisible = 0;
			defaultConfigurationName = Release;
		};
/* End XCConfigurationList section */
	};
	rootObject = 69B4E6E41C5056EF00FF1663 /* Project object */;
}
