// !$*UTF8*$!
{
	archiveVersion = 1;
	classes = {
	};
	objectVersion = 46;
	objects = {

/* Begin PBXBuildFile section */
		69B4E6F01C5056EF00FF1663 /* AppDelegate.swift in Sources */ = {isa = PBXBuildFile; fileRef = 69B4E6EF1C5056EF00FF1663 /* AppDelegate.swift */; };
		69B4E6F21C5056EF00FF1663 /* ViewController.swift in Sources */ = {isa = PBXBuildFile; fileRef = 69B4E6F11C5056EF00FF1663 /* ViewController.swift */; };
		69B4E6F51C5056EF00FF1663 /* Main.storyboard in Resources */ = {isa = PBXBuildFile; fileRef = 69B4E6F31C5056EF00FF1663 /* Main.storyboard */; };
		69B4E6F71C5056EF00FF1663 /* Assets.xcassets in Resources */ = {isa = PBXBuildFile; fileRef = 69B4E6F61C5056EF00FF1663 /* Assets.xcassets */; };
		69B4E6FA1C5056EF00FF1663 /* LaunchScreen.storyboard in Resources */ = {isa = PBXBuildFile; fileRef = 69B4E6F81C5056EF00FF1663 /* LaunchScreen.storyboard */; };
		69B4E7051C5056EF00FF1663 /* AstrayTests.swift in Sources */ = {isa = PBXBuildFile; fileRef = 69B4E7041C5056EF00FF1663 /* AstrayTests.swift */; };
		69B4E7101C5056EF00FF1663 /* AstrayUITests.swift in Sources */ = {isa = PBXBuildFile; fileRef = 69B4E70F1C5056EF00FF1663 /* AstrayUITests.swift */; };
		8FF177B11C600EA70035BB3D /* NarrativeViewController.swift in Sources */ = {isa = PBXBuildFile; fileRef = 8FF177B01C600EA70035BB3D /* NarrativeViewController.swift */; };
		8FF177B31C60101D0035BB3D /* sax.mp3 in Resources */ = {isa = PBXBuildFile; fileRef = 8FF177B21C60101D0035BB3D /* sax.mp3 */; };
/* End PBXBuildFile section */

/* Begin PBXContainerItemProxy section */
		69B4E7011C5056EF00FF1663 /* PBXContainerItemProxy */ = {
			isa = PBXContainerItemProxy;
			containerPortal = 69B4E6E41C5056EF00FF1663 /* Project object */;
			proxyType = 1;
			remoteGlobalIDString = 69B4E6EB1C5056EF00FF1663;
			remoteInfo = Astray;
		};
		69B4E70C1C5056EF00FF1663 /* PBXContainerItemProxy */ = {
			isa = PBXContainerItemProxy;
			containerPortal = 69B4E6E41C5056EF00FF1663 /* Project object */;
			proxyType = 1;
			remoteGlobalIDString = 69B4E6EB1C5056EF00FF1663;
			remoteInfo = Astray;
		};
/* End PBXContainerItemProxy section */

/* Begin PBXFileReference section */
		69B4E6EC1C5056EF00FF1663 /* Astray.app */ = {isa = PBXFileReference; explicitFileType = wrapper.application; includeInIndex = 0; path = Astray.app; sourceTree = BUILT_PRODUCTS_DIR; };
		69B4E6EF1C5056EF00FF1663 /* AppDelegate.swift */ = {isa = PBXFileReference; lastKnownFileType = sourcecode.swift; path = AppDelegate.swift; sourceTree = "<group>"; };
		69B4E6F11C5056EF00FF1663 /* ViewController.swift */ = {isa = PBXFileReference; lastKnownFileType = sourcecode.swift; path = ViewController.swift; sourceTree = "<group>"; };
		69B4E6F41C5056EF00FF1663 /* Base */ = {isa = PBXFileReference; lastKnownFileType = file.storyboard; name = Base; path = Base.lproj/Main.storyboard; sourceTree = "<group>"; };
		69B4E6F61C5056EF00FF1663 /* Assets.xcassets */ = {isa = PBXFileReference; lastKnownFileType = folder.assetcatalog; path = Assets.xcassets; sourceTree = "<group>"; };
		69B4E6F91C5056EF00FF1663 /* Base */ = {isa = PBXFileReference; lastKnownFileType = file.storyboard; name = Base; path = Base.lproj/LaunchScreen.storyboard; sourceTree = "<group>"; };
		69B4E6FB1C5056EF00FF1663 /* Info.plist */ = {isa = PBXFileReference; lastKnownFileType = text.plist.xml; path = Info.plist; sourceTree = "<group>"; };
		69B4E7001C5056EF00FF1663 /* AstrayTests.xctest */ = {isa = PBXFileReference; explicitFileType = wrapper.cfbundle; includeInIndex = 0; path = AstrayTests.xctest; sourceTree = BUILT_PRODUCTS_DIR; };
		69B4E7041C5056EF00FF1663 /* AstrayTests.swift */ = {isa = PBXFileReference; lastKnownFileType = sourcecode.swift; path = AstrayTests.swift; sourceTree = "<group>"; };
		69B4E7061C5056EF00FF1663 /* Info.plist */ = {isa = PBXFileReference; lastKnownFileType = text.plist.xml; path = Info.plist; sourceTree = "<group>"; };
		69B4E70B1C5056EF00FF1663 /* AstrayUITests.xctest */ = {isa = PBXFileReference; explicitFileType = wrapper.cfbundle; includeInIndex = 0; path = AstrayUITests.xctest; sourceTree = BUILT_PRODUCTS_DIR; };
		69B4E70F1C5056EF00FF1663 /* AstrayUITests.swift */ = {isa = PBXFileReference; lastKnownFileType = sourcecode.swift; path = AstrayUITests.swift; sourceTree = "<group>"; };
		69B4E7111C5056EF00FF1663 /* Info.plist */ = {isa = PBXFileReference; lastKnownFileType = text.plist.xml; path = Info.plist; sourceTree = "<group>"; };
		8FF177B01C600EA70035BB3D /* NarrativeViewController.swift */ = {isa = PBXFileReference; fileEncoding = 4; lastKnownFileType = sourcecode.swift; path = NarrativeViewController.swift; sourceTree = "<group>"; };
		8FF177B21C60101D0035BB3D /* sax.mp3 */ = {isa = PBXFileReference; lastKnownFileType = audio.mp3; name = sax.mp3; path = "../../../../../../Qt/Examples/Qt-5.3/svg/embedded/desktopservices/data/sax.mp3"; sourceTree = "<group>"; };
/* End PBXFileReference section */

/* Begin PBXFrameworksBuildPhase section */
		69B4E6E91C5056EF00FF1663 /* Frameworks */ = {
			isa = PBXFrameworksBuildPhase;
			buildActionMask = 2147483647;
			files = (
			);
			runOnlyForDeploymentPostprocessing = 0;
		};
		69B4E6FD1C5056EF00FF1663 /* Frameworks */ = {
			isa = PBXFrameworksBuildPhase;
			buildActionMask = 2147483647;
			files = (
			);
			runOnlyForDeploymentPostprocessing = 0;
		};
		69B4E7081C5056EF00FF1663 /* Frameworks */ = {
			isa = PBXFrameworksBuildPhase;
			buildActionMask = 2147483647;
			files = (
			);
			runOnlyForDeploymentPostprocessing = 0;
		};
/* End PBXFrameworksBuildPhase section */

/* Begin PBXGroup section */
		69B4E6E31C5056EF00FF1663 = {
			isa = PBXGroup;
			children = (
				69B4E6EE1C5056EF00FF1663 /* Astray */,
				69B4E7031C5056EF00FF1663 /* AstrayTests */,
				69B4E70E1C5056EF00FF1663 /* AstrayUITests */,
				69B4E6ED1C5056EF00FF1663 /* Products */,
			);
			sourceTree = "<group>";
		};
		69B4E6ED1C5056EF00FF1663 /* Products */ = {
			isa = PBXGroup;
			children = (
				69B4E6EC1C5056EF00FF1663 /* Astray.app */,
				69B4E7001C5056EF00FF1663 /* AstrayTests.xctest */,
				69B4E70B1C5056EF00FF1663 /* AstrayUITests.xctest */,
			);
			name = Products;
			sourceTree = "<group>";
		};
		69B4E6EE1C5056EF00FF1663 /* Astray */ = {
			isa = PBXGroup;
			children = (
				69B4E6EF1C5056EF00FF1663 /* AppDelegate.swift */,
				69B4E6F11C5056EF00FF1663 /* ViewController.swift */,
				69B4E6F31C5056EF00FF1663 /* Main.storyboard */,
				8FF177B21C60101D0035BB3D /* sax.mp3 */,
				8FF177B01C600EA70035BB3D /* NarrativeViewController.swift */,
				69B4E6F61C5056EF00FF1663 /* Assets.xcassets */,
				69B4E6F81C5056EF00FF1663 /* LaunchScreen.storyboard */,
				69B4E6FB1C5056EF00FF1663 /* Info.plist */,
			);
			path = Astray;
			sourceTree = "<group>";
		};
		69B4E7031C5056EF00FF1663 /* AstrayTests */ = {
			isa = PBXGroup;
			children = (
				69B4E7041C5056EF00FF1663 /* AstrayTests.swift */,
				69B4E7061C5056EF00FF1663 /* Info.plist */,
			);
			path = AstrayTests;
			sourceTree = "<group>";
		};
		69B4E70E1C5056EF00FF1663 /* AstrayUITests */ = {
			isa = PBXGroup;
			children = (
				69B4E70F1C5056EF00FF1663 /* AstrayUITests.swift */,
				69B4E7111C5056EF00FF1663 /* Info.plist */,
			);
			path = AstrayUITests;
			sourceTree = "<group>";
		};
/* End PBXGroup section */

/* Begin PBXNativeTarget section */
		69B4E6EB1C5056EF00FF1663 /* Astray */ = {
			isa = PBXNativeTarget;
			buildConfigurationList = 69B4E7141C5056EF00FF1663 /* Build configuration list for PBXNativeTarget "Astray" */;
			buildPhases = (
				69B4E6E81C5056EF00FF1663 /* Sources */,
				69B4E6E91C5056EF00FF1663 /* Frameworks */,
				69B4E6EA1C5056EF00FF1663 /* Resources */,
			);
			buildRules = (
			);
			dependencies = (
			);
			name = Astray;
			productName = Astray;
			productReference = 69B4E6EC1C5056EF00FF1663 /* Astray.app */;
			productType = "com.apple.product-type.application";
		};
		69B4E6FF1C5056EF00FF1663 /* AstrayTests */ = {
			isa = PBXNativeTarget;
			buildConfigurationList = 69B4E7171C5056EF00FF1663 /* Build configuration list for PBXNativeTarget "AstrayTests" */;
			buildPhases = (
				69B4E6FC1C5056EF00FF1663 /* Sources */,
				69B4E6FD1C5056EF00FF1663 /* Frameworks */,
				69B4E6FE1C5056EF00FF1663 /* Resources */,
			);
			buildRules = (
			);
			dependencies = (
				69B4E7021C5056EF00FF1663 /* PBXTargetDependency */,
			);
			name = AstrayTests;
			productName = AstrayTests;
			productReference = 69B4E7001C5056EF00FF1663 /* AstrayTests.xctest */;
			productType = "com.apple.product-type.bundle.unit-test";
		};
		69B4E70A1C5056EF00FF1663 /* AstrayUITests */ = {
			isa = PBXNativeTarget;
			buildConfigurationList = 69B4E71A1C5056EF00FF1663 /* Build configuration list for PBXNativeTarget "AstrayUITests" */;
			buildPhases = (
				69B4E7071C5056EF00FF1663 /* Sources */,
				69B4E7081C5056EF00FF1663 /* Frameworks */,
				69B4E7091C5056EF00FF1663 /* Resources */,
			);
			buildRules = (
			);
			dependencies = (
				69B4E70D1C5056EF00FF1663 /* PBXTargetDependency */,
			);
			name = AstrayUITests;
			productName = AstrayUITests;
			productReference = 69B4E70B1C5056EF00FF1663 /* AstrayUITests.xctest */;
			productType = "com.apple.product-type.bundle.ui-testing";
		};
/* End PBXNativeTarget section */

/* Begin PBXProject section */
		69B4E6E41C5056EF00FF1663 /* Project object */ = {
			isa = PBXProject;
			attributes = {
				LastSwiftUpdateCheck = 0720;
				LastUpgradeCheck = 0720;
				ORGANIZATIONNAME = yes;
				TargetAttributes = {
					69B4E6EB1C5056EF00FF1663 = {
						CreatedOnToolsVersion = 7.2;
					};
					69B4E6FF1C5056EF00FF1663 = {
						CreatedOnToolsVersion = 7.2;
						TestTargetID = 69B4E6EB1C5056EF00FF1663;
					};
					69B4E70A1C5056EF00FF1663 = {
						CreatedOnToolsVersion = 7.2;
						TestTargetID = 69B4E6EB1C5056EF00FF1663;
					};
				};
			};
			buildConfigurationList = 69B4E6E71C5056EF00FF1663 /* Build configuration list for PBXProject "Astray" */;
			compatibilityVersion = "Xcode 3.2";
			developmentRegion = English;
			hasScannedForEncodings = 0;
			knownRegions = (
				en,
				Base,
			);
			mainGroup = 69B4E6E31C5056EF00FF1663;
			productRefGroup = 69B4E6ED1C5056EF00FF1663 /* Products */;
			projectDirPath = "";
			projectRoot = "";
			targets = (
				69B4E6EB1C5056EF00FF1663 /* Astray */,
				69B4E6FF1C5056EF00FF1663 /* AstrayTests */,
				69B4E70A1C5056EF00FF1663 /* AstrayUITests */,
			);
		};
/* End PBXProject section */

/* Begin PBXResourcesBuildPhase section */
		69B4E6EA1C5056EF00FF1663 /* Resources */ = {
			isa = PBXResourcesBuildPhase;
			buildActionMask = 2147483647;
			files = (
				69B4E6FA1C5056EF00FF1663 /* LaunchScreen.storyboard in Resources */,
				8FF177B31C60101D0035BB3D /* sax.mp3 in Resources */,
				69B4E6F71C5056EF00FF1663 /* Assets.xcassets in Resources */,
				69B4E6F51C5056EF00FF1663 /* Main.storyboard in Resources */,
			);
			runOnlyForDeploymentPostprocessing = 0;
		};
		69B4E6FE1C5056EF00FF1663 /* Resources */ = {
			isa = PBXResourcesBuildPhase;
			buildActionMask = 2147483647;
			files = (
			);
			runOnlyForDeploymentPostprocessing = 0;
		};
		69B4E7091C5056EF00FF1663 /* Resources */ = {
			isa = PBXResourcesBuildPhase;
			buildActionMask = 2147483647;
			files = (
			);
			runOnlyForDeploymentPostprocessing = 0;
		};
/* End PBXResourcesBuildPhase section */

/* Begin PBXSourcesBuildPhase section */
		69B4E6E81C5056EF00FF1663 /* Sources */ = {
			isa = PBXSourcesBuildPhase;
			buildActionMask = 2147483647;
			files = (
				69B4E6F21C5056EF00FF1663 /* ViewController.swift in Sources */,
				69B4E6F01C5056EF00FF1663 /* AppDelegate.swift in Sources */,
				8FF177B11C600EA70035BB3D /* NarrativeViewController.swift in Sources */,
			);
			runOnlyForDeploymentPostprocessing = 0;
		};
		69B4E6FC1C5056EF00FF1663 /* Sources */ = {
			isa = PBXSourcesBuildPhase;
			buildActionMask = 2147483647;
			files = (
				69B4E7051C5056EF00FF1663 /* AstrayTests.swift in Sources */,
			);
			runOnlyForDeploymentPostprocessing = 0;
		};
		69B4E7071C5056EF00FF1663 /* Sources */ = {
			isa = PBXSourcesBuildPhase;
			buildActionMask = 2147483647;
			files = (
				69B4E7101C5056EF00FF1663 /* AstrayUITests.swift in Sources */,
			);
			runOnlyForDeploymentPostprocessing = 0;
		};
/* End PBXSourcesBuildPhase section */

/* Begin PBXTargetDependency section */
		69B4E7021C5056EF00FF1663 /* PBXTargetDependency */ = {
			isa = PBXTargetDependency;
			target = 69B4E6EB1C5056EF00FF1663 /* Astray */;
			targetProxy = 69B4E7011C5056EF00FF1663 /* PBXContainerItemProxy */;
		};
		69B4E70D1C5056EF00FF1663 /* PBXTargetDependency */ = {
			isa = PBXTargetDependency;
			target = 69B4E6EB1C5056EF00FF1663 /* Astray */;
			targetProxy = 69B4E70C1C5056EF00FF1663 /* PBXContainerItemProxy */;
		};
/* End PBXTargetDependency section */

/* Begin PBXVariantGroup section */
		69B4E6F31C5056EF00FF1663 /* Main.storyboard */ = {
			isa = PBXVariantGroup;
			children = (
				69B4E6F41C5056EF00FF1663 /* Base */,
			);
			name = Main.storyboard;
			sourceTree = "<group>";
		};
		69B4E6F81C5056EF00FF1663 /* LaunchScreen.storyboard */ = {
			isa = PBXVariantGroup;
			children = (
				69B4E6F91C5056EF00FF1663 /* Base */,
			);
			name = LaunchScreen.storyboard;
			sourceTree = "<group>";
		};
/* End PBXVariantGroup section */

/* Begin XCBuildConfiguration section */
		69B4E7121C5056EF00FF1663 /* Debug */ = {
			isa = XCBuildConfiguration;
			buildSettings = {
				ALWAYS_SEARCH_USER_PATHS = NO;
				CLANG_CXX_LANGUAGE_STANDARD = "gnu++0x";
				CLANG_CXX_LIBRARY = "libc++";
				CLANG_ENABLE_MODULES = YES;
				CLANG_ENABLE_OBJC_ARC = YES;
				CLANG_WARN_BOOL_CONVERSION = YES;
				CLANG_WARN_CONSTANT_CONVERSION = YES;
				CLANG_WARN_DIRECT_OBJC_ISA_USAGE = YES_ERROR;
				CLANG_WARN_EMPTY_BODY = YES;
				CLANG_WARN_ENUM_CONVERSION = YES;
				CLANG_WARN_INT_CONVERSION = YES;
				CLANG_WARN_OBJC_ROOT_CLASS = YES_ERROR;
				CLANG_WARN_UNREACHABLE_CODE = YES;
				CLANG_WARN__DUPLICATE_METHOD_MATCH = YES;
				"CODE_SIGN_IDENTITY[sdk=iphoneos*]" = "iPhone Developer";
				COPY_PHASE_STRIP = NO;
				DEBUG_INFORMATION_FORMAT = dwarf;
				ENABLE_STRICT_OBJC_MSGSEND = YES;
				ENABLE_TESTABILITY = YES;
				GCC_C_LANGUAGE_STANDARD = gnu99;
				GCC_DYNAMIC_NO_PIC = NO;
				GCC_NO_COMMON_BLOCKS = YES;
				GCC_OPTIMIZATION_LEVEL = 0;
				GCC_PREPROCESSOR_DEFINITIONS = (
					"DEBUG=1",
					"$(inherited)",
				);
				GCC_WARN_64_TO_32_BIT_CONVERSION = YES;
				GCC_WARN_ABOUT_RETURN_TYPE = YES_ERROR;
				GCC_WARN_UNDECLARED_SELECTOR = YES;
				GCC_WARN_UNINITIALIZED_AUTOS = YES_AGGRESSIVE;
				GCC_WARN_UNUSED_FUNCTION = YES;
				GCC_WARN_UNUSED_VARIABLE = YES;
				IPHONEOS_DEPLOYMENT_TARGET = 9.2;
				MTL_ENABLE_DEBUG_INFO = YES;
				ONLY_ACTIVE_ARCH = YES;
				SDKROOT = iphoneos;
				SWIFT_OPTIMIZATION_LEVEL = "-Onone";
				TARGETED_DEVICE_FAMILY = "1,2";
			};
			name = Debug;
		};
		69B4E7131C5056EF00FF1663 /* Release */ = {
			isa = XCBuildConfiguration;
			buildSettings = {
				ALWAYS_SEARCH_USER_PATHS = NO;
				CLANG_CXX_LANGUAGE_STANDARD = "gnu++0x";
				CLANG_CXX_LIBRARY = "libc++";
				CLANG_ENABLE_MODULES = YES;
				CLANG_ENABLE_OBJC_ARC = YES;
				CLANG_WARN_BOOL_CONVERSION = YES;
				CLANG_WARN_CONSTANT_CONVERSION = YES;
				CLANG_WARN_DIRECT_OBJC_ISA_USAGE = YES_ERROR;
				CLANG_WARN_EMPTY_BODY = YES;
				CLANG_WARN_ENUM_CONVERSION = YES;
				CLANG_WARN_INT_CONVERSION = YES;
				CLANG_WARN_OBJC_ROOT_CLASS = YES_ERROR;
				CLANG_WARN_UNREACHABLE_CODE = YES;
				CLANG_WARN__DUPLICATE_METHOD_MATCH = YES;
				"CODE_SIGN_IDENTITY[sdk=iphoneos*]" = "iPhone Developer";
				COPY_PHASE_STRIP = NO;
				DEBUG_INFORMATION_FORMAT = "dwarf-with-dsym";
				ENABLE_NS_ASSERTIONS = NO;
				ENABLE_STRICT_OBJC_MSGSEND = YES;
				GCC_C_LANGUAGE_STANDARD = gnu99;
				GCC_NO_COMMON_BLOCKS = YES;
				GCC_WARN_64_TO_32_BIT_CONVERSION = YES;
				GCC_WARN_ABOUT_RETURN_TYPE = YES_ERROR;
				GCC_WARN_UNDECLARED_SELECTOR = YES;
				GCC_WARN_UNINITIALIZED_AUTOS = YES_AGGRESSIVE;
				GCC_WARN_UNUSED_FUNCTION = YES;
				GCC_WARN_UNUSED_VARIABLE = YES;
				IPHONEOS_DEPLOYMENT_TARGET = 9.2;
				MTL_ENABLE_DEBUG_INFO = NO;
				SDKROOT = iphoneos;
				TARGETED_DEVICE_FAMILY = "1,2";
				VALIDATE_PRODUCT = YES;
			};
			name = Release;
		};
		69B4E7151C5056EF00FF1663 /* Debug */ = {
			isa = XCBuildConfiguration;
			buildSettings = {
				ASSETCATALOG_COMPILER_APPICON_NAME = AppIcon;
				INFOPLIST_FILE = Astray/Info.plist;
				LD_RUNPATH_SEARCH_PATHS = "$(inherited) @executable_path/Frameworks";
				PRODUCT_BUNDLE_IDENTIFIER = com.arewemeeting.Astray;
				PRODUCT_NAME = "$(TARGET_NAME)";
			};
			name = Debug;
		};
		69B4E7161C5056EF00FF1663 /* Release */ = {
			isa = XCBuildConfiguration;
			buildSettings = {
				ASSETCATALOG_COMPILER_APPICON_NAME = AppIcon;
				INFOPLIST_FILE = Astray/Info.plist;
				LD_RUNPATH_SEARCH_PATHS = "$(inherited) @executable_path/Frameworks";
				PRODUCT_BUNDLE_IDENTIFIER = com.arewemeeting.Astray;
				PRODUCT_NAME = "$(TARGET_NAME)";
			};
			name = Release;
		};
		69B4E7181C5056EF00FF1663 /* Debug */ = {
			isa = XCBuildConfiguration;
			buildSettings = {
				BUNDLE_LOADER = "$(TEST_HOST)";
				INFOPLIST_FILE = AstrayTests/Info.plist;
				LD_RUNPATH_SEARCH_PATHS = "$(inherited) @executable_path/Frameworks @loader_path/Frameworks";
				PRODUCT_BUNDLE_IDENTIFIER = com.arewemeeting.AstrayTests;
				PRODUCT_NAME = "$(TARGET_NAME)";
				TEST_HOST = "$(BUILT_PRODUCTS_DIR)/Astray.app/Astray";
			};
			name = Debug;
		};
		69B4E7191C5056EF00FF1663 /* Release */ = {
			isa = XCBuildConfiguration;
			buildSettings = {
				BUNDLE_LOADER = "$(TEST_HOST)";
				INFOPLIST_FILE = AstrayTests/Info.plist;
				LD_RUNPATH_SEARCH_PATHS = "$(inherited) @executable_path/Frameworks @loader_path/Frameworks";
				PRODUCT_BUNDLE_IDENTIFIER = com.arewemeeting.AstrayTests;
				PRODUCT_NAME = "$(TARGET_NAME)";
				TEST_HOST = "$(BUILT_PRODUCTS_DIR)/Astray.app/Astray";
			};
			name = Release;
		};
		69B4E71B1C5056EF00FF1663 /* Debug */ = {
			isa = XCBuildConfiguration;
			buildSettings = {
				INFOPLIST_FILE = AstrayUITests/Info.plist;
				LD_RUNPATH_SEARCH_PATHS = "$(inherited) @executable_path/Frameworks @loader_path/Frameworks";
				PRODUCT_BUNDLE_IDENTIFIER = com.arewemeeting.AstrayUITests;
				PRODUCT_NAME = "$(TARGET_NAME)";
				TEST_TARGET_NAME = Astray;
				USES_XCTRUNNER = YES;
			};
			name = Debug;
		};
		69B4E71C1C5056EF00FF1663 /* Release */ = {
			isa = XCBuildConfiguration;
			buildSettings = {
				INFOPLIST_FILE = AstrayUITests/Info.plist;
				LD_RUNPATH_SEARCH_PATHS = "$(inherited) @executable_path/Frameworks @loader_path/Frameworks";
				PRODUCT_BUNDLE_IDENTIFIER = com.arewemeeting.AstrayUITests;
				PRODUCT_NAME = "$(TARGET_NAME)";
				TEST_TARGET_NAME = Astray;
				USES_XCTRUNNER = YES;
			};
			name = Release;
		};
/* End XCBuildConfiguration section */

/* Begin XCConfigurationList section */
		69B4E6E71C5056EF00FF1663 /* Build configuration list for PBXProject "Astray" */ = {
			isa = XCConfigurationList;
			buildConfigurations = (
				69B4E7121C5056EF00FF1663 /* Debug */,
				69B4E7131C5056EF00FF1663 /* Release */,
			);
			defaultConfigurationIsVisible = 0;
			defaultConfigurationName = Release;
		};
		69B4E7141C5056EF00FF1663 /* Build configuration list for PBXNativeTarget "Astray" */ = {
			isa = XCConfigurationList;
			buildConfigurations = (
				69B4E7151C5056EF00FF1663 /* Debug */,
				69B4E7161C5056EF00FF1663 /* Release */,
			);
			defaultConfigurationIsVisible = 0;
			defaultConfigurationName = Release;
		};
		69B4E7171C5056EF00FF1663 /* Build configuration list for PBXNativeTarget "AstrayTests" */ = {
			isa = XCConfigurationList;
			buildConfigurations = (
				69B4E7181C5056EF00FF1663 /* Debug */,
				69B4E7191C5056EF00FF1663 /* Release */,
			);
			defaultConfigurationIsVisible = 0;
			defaultConfigurationName = Release;
		};
		69B4E71A1C5056EF00FF1663 /* Build configuration list for PBXNativeTarget "AstrayUITests" */ = {
			isa = XCConfigurationList;
			buildConfigurations = (
				69B4E71B1C5056EF00FF1663 /* Debug */,
				69B4E71C1C5056EF00FF1663 /* Release */,
			);
			defaultConfigurationIsVisible = 0;
			defaultConfigurationName = Release;
		};
/* End XCConfigurationList section */
	};
	rootObject = 69B4E6E41C5056EF00FF1663 /* Project object */;
}
